
Microsoft Visual Studio Solution File, Format Version 10.00
# Visual Studio 2008
Project("{FAE04EC0-301F-11D3-BF4B-00C04F79EFBC}") = "ETTSelfDeviceHardTest", "ETTSelfDeviceHardTest\ETTSelfDeviceHardTest.csproj", "{7126F39D-3697-4540-846A-069CF59512FF}"
EndProject
Project("{FAE04EC0-301F-11D3-BF4B-00C04F79EFBC}") = "FT.Commons", "..\FT.Commons\FT.Commons.csproj", "{BD4D9CFE-3A5A-4D11-A601-A7F161FC266A}"
EndProject
Project("{FAE04EC0-301F-11D3-BF4B-00C04F79EFBC}") = "FT.Device", "..\FT.Device\FT.Device.csproj", "{B43D9F80-668C-4291-A1AA-5D2FC6329EC3}"
EndProject
Project("{8BC9CEB8-8B4A-11D0-8D11-00A0C91BC942}") = "TTCardReader", "TTCardReader\TTCardReader.vcproj", "{7419C5F2-0460-4637-BD06-BC63687F06CB}"
EndProject
Project("{8BC9CEB8-8B4A-11D0-8D11-00A0C91BC942}") = "TTReader", "TTReader\TTReader.vcproj", "{197041ED-E7F5-4793-B02A-9CE5E271DFF8}"
EndProject
Project("{8BC9CEB8-8B4A-11D0-8D11-00A0C91BC942}") = "TTCardReaderV2", "TTCardReaderV2\TTCardReaderV2.vcproj", "{FA58D027-23AD-43C4-8EA1-EC3D5ED4B6F8}"
EndProject
Project("{FAE04EC0-301F-11D3-BF4B-00C04F79EFBC}") = "FT.Windows.Forms", "..\FT.Windows.Forms\FT.Windows.Forms.csproj", "{80096F49-1AFF-4067-81FF-FBDB93A5B4EA}"
EndProject
Global
	GlobalSection(SolutionConfigurationPlatforms) = preSolution
		Debug|Any CPU = Debug|Any CPU
		Debug|Mixed Platforms = Debug|Mixed Platforms
		Debug|Win32 = Debug|Win32
		Release|Any CPU = Release|Any CPU
		Release|Mixed Platforms = Release|Mixed Platforms
		Release|Win32 = Release|Win32
	EndGlobalSection
	GlobalSection(ProjectConfigurationPlatforms) = postSolution
		{7126F39D-3697-4540-846A-069CF59512FF}.Debug|Any CPU.ActiveCfg = Debug|Any CPU
		{7126F39D-3697-4540-846A-069CF59512FF}.Debug|Any CPU.Build.0 = Debug|Any CPU
		{7126F39D-3697-4540-846A-069CF59512FF}.Debug|Mixed Platforms.ActiveCfg = Debug|Any CPU
		{7126F39D-3697-4540-846A-069CF59512FF}.Debug|Mixed Platforms.Build.0 = Debug|Any CPU
		{7126F39D-3697-4540-846A-069CF59512FF}.Debug|Win32.ActiveCfg = Debug|Any CPU
		{7126F39D-3697-4540-846A-069CF59512FF}.Release|Any CPU.ActiveCfg = Release|Any CPU
		{7126F39D-3697-4540-846A-069CF59512FF}.Release|Any CPU.Build.0 = Release|Any CPU
		{7126F39D-3697-4540-846A-069CF59512FF}.Release|Mixed Platforms.ActiveCfg = Release|Any CPU
		{7126F39D-3697-4540-846A-069CF59512FF}.Release|Mixed Platforms.Build.0 = Release|Any CPU
		{7126F39D-3697-4540-846A-069CF59512FF}.Release|Win32.ActiveCfg = Release|Any CPU
		{BD4D9CFE-3A5A-4D11-A601-A7F161FC266A}.Debug|Any CPU.ActiveCfg = Debug|Any CPU
		{BD4D9CFE-3A5A-4D11-A601-A7F161FC266A}.Debug|Any CPU.Build.0 = Debug|Any CPU
		{BD4D9CFE-3A5A-4D11-A601-A7F161FC266A}.Debug|Mixed Platforms.ActiveCfg = Debug|Any CPU
		{BD4D9CFE-3A5A-4D11-A601-A7F161FC266A}.Debug|Mixed Platforms.Build.0 = Debug|Any CPU
		{BD4D9CFE-3A5A-4D11-A601-A7F161FC266A}.Debug|Win32.ActiveCfg = Debug|Any CPU
		{BD4D9CFE-3A5A-4D11-A601-A7F161FC266A}.Release|Any CPU.ActiveCfg = Release|Any CPU
		{BD4D9CFE-3A5A-4D11-A601-A7F161FC266A}.Release|Any CPU.Build.0 = Release|Any CPU
		{BD4D9CFE-3A5A-4D11-A601-A7F161FC266A}.Release|Mixed Platforms.ActiveCfg = Release|Any CPU
		{BD4D9CFE-3A5A-4D11-A601-A7F161FC266A}.Release|Mixed Platforms.Build.0 = Release|Any CPU
		{BD4D9CFE-3A5A-4D11-A601-A7F161FC266A}.Release|Win32.ActiveCfg = Release|Any CPU
		{B43D9F80-668C-4291-A1AA-5D2FC6329EC3}.Debug|Any CPU.ActiveCfg = Debug|Any CPU
		{B43D9F80-668C-4291-A1AA-5D2FC6329EC3}.Debug|Any CPU.Build.0 = Debug|Any CPU
		{B43D9F80-668C-4291-A1AA-5D2FC6329EC3}.Debug|Mixed Platforms.ActiveCfg = Debug|Any CPU
		{B43D9F80-668C-4291-A1AA-5D2FC6329EC3}.Debug|Mixed Platforms.Build.0 = Debug|Any CPU
		{B43D9F80-668C-4291-A1AA-5D2FC6329EC3}.Debug|Win32.ActiveCfg = Debug|Any CPU
		{B43D9F80-668C-4291-A1AA-5D2FC6329EC3}.Release|Any CPU.ActiveCfg = Release|Any CPU
		{B43D9F80-668C-4291-A1AA-5D2FC6329EC3}.Release|Any CPU.Build.0 = Release|Any CPU
		{B43D9F80-668C-4291-A1AA-5D2FC6329EC3}.Release|Mixed Platforms.ActiveCfg = Release|Any CPU
		{B43D9F80-668C-4291-A1AA-5D2FC6329EC3}.Release|Mixed Platforms.Build.0 = Release|Any CPU
		{B43D9F80-668C-4291-A1AA-5D2FC6329EC3}.Release|Win32.ActiveCfg = Release|Any CPU
		{7419C5F2-0460-4637-BD06-BC63687F06CB}.Debug|Any CPU.ActiveCfg = Debug|Win32
		{7419C5F2-0460-4637-BD06-BC63687F06CB}.Debug|Mixed Platforms.ActiveCfg = Debug|Win32
		{7419C5F2-0460-4637-BD06-BC63687F06CB}.Debug|Mixed Platforms.Build.0 = Debug|Win32
		{7419C5F2-0460-4637-BD06-BC63687F06CB}.Debug|Win32.ActiveCfg = Debug|Win32
		{7419C5F2-0460-4637-BD06-BC63687F06CB}.Debug|Win32.Build.0 = Debug|Win32
		{7419C5F2-0460-4637-BD06-BC63687F06CB}.Release|Any CPU.ActiveCfg = Release|Win32
		{7419C5F2-0460-4637-BD06-BC63687F06CB}.Release|Mixed Platforms.ActiveCfg = Release|Win32
		{7419C5F2-0460-4637-BD06-BC63687F06CB}.Release|Mixed Platforms.Build.0 = Release|Win32
		{7419C5F2-0460-4637-BD06-BC63687F06CB}.Release|Win32.ActiveCfg = Release|Win32
		{7419C5F2-0460-4637-BD06-BC63687F06CB}.Release|Win32.Build.0 = Release|Win32
		{197041ED-E7F5-4793-B02A-9CE5E271DFF8}.Debug|Any CPU.ActiveCfg = Debug|Win32
		{197041ED-E7F5-4793-B02A-9CE5E271DFF8}.Debug|Mixed Platforms.ActiveCfg = Debug|Win32
		{197041ED-E7F5-4793-B02A-9CE5E271DFF8}.Debug|Mixed Platforms.Build.0 = Debug|Win32
		{197041ED-E7F5-4793-B02A-9CE5E271DFF8}.Debug|Win32.ActiveCfg = Debug|Win32
		{197041ED-E7F5-4793-B02A-9CE5E271DFF8}.Debug|Win32.Build.0 = Debug|Win32
		{197041ED-E7F5-4793-B02A-9CE5E271DFF8}.Release|Any CPU.ActiveCfg = Release|Win32
		{197041ED-E7F5-4793-B02A-9CE5E271DFF8}.Release|Mixed Platforms.ActiveCfg = Release|Win32
		{197041ED-E7F5-4793-B02A-9CE5E271DFF8}.Release|Mixed Platforms.Build.0 = Release|Win32
		{197041ED-E7F5-4793-B02A-9CE5E271DFF8}.Release|Win32.ActiveCfg = Release|Win32
		{197041ED-E7F5-4793-B02A-9CE5E271DFF8}.Release|Win32.Build.0 = Release|Win32
		{FA58D027-23AD-43C4-8EA1-EC3D5ED4B6F8}.Debug|Any CPU.ActiveCfg = Debug|Win32
		{FA58D027-23AD-43C4-8EA1-EC3D5ED4B6F8}.Debug|Mixed Platforms.ActiveCfg = Debug|Win32
		{FA58D027-23AD-43C4-8EA1-EC3D5ED4B6F8}.Debug|Mixed Platforms.Build.0 = Debug|Win32
		{FA58D027-23AD-43C4-8EA1-EC3D5ED4B6F8}.Debug|Win32.ActiveCfg = Debug|Win32
		{FA58D027-23AD-43C4-8EA1-EC3D5ED4B6F8}.Debug|Win32.Build.0 = Debug|Win32
		{FA58D027-23AD-43C4-8EA1-EC3D5ED4B6F8}.Release|Any CPU.ActiveCfg = Release|Win32
		{FA58D027-23AD-43C4-8EA1-EC3D5ED4B6F8}.Release|Mixed Platforms.ActiveCfg = Release|Win32
		{FA58D027-23AD-43C4-8EA1-EC3D5ED4B6F8}.Release|Mixed Platforms.Build.0 = Release|Win32
		{FA58D027-23AD-43C4-8EA1-EC3D5ED4B6F8}.Release|Win32.ActiveCfg = Release|Win32
		{FA58D027-23AD-43C4-8EA1-EC3D5ED4B6F8}.Release|Win32.Build.0 = Release|Win32
		{80096F49-1AFF-4067-81FF-FBDB93A5B4EA}.Debug|Any CPU.ActiveCfg = Debug|Any CPU
		{80096F49-1AFF-4067-81FF-FBDB93A5B4EA}.Debug|Any CPU.Build.0 = Debug|Any CPU
		{80096F49-1AFF-4067-81FF-FBDB93A5B4EA}.Debug|Mixed Platforms.ActiveCfg = Debug|Any CPU
		{80096F49-1AFF-4067-81FF-FBDB93A5B4EA}.Debug|Mixed Platforms.Build.0 = Debug|Any CPU
		{80096F49-1AFF-4067-81FF-FBDB93A5B4EA}.Debug|Win32.ActiveCfg = Debug|Any CPU
		{80096F49-1AFF-4067-81FF-FBDB93A5B4EA}.Release|Any CPU.ActiveCfg = Release|Any CPU
		{80096F49-1AFF-4067-81FF-FBDB93A5B4EA}.Release|Any CPU.Build.0 = Release|Any CPU
		{80096F49-1AFF-4067-81FF-FBDB93A5B4EA}.Release|Mixed Platforms.ActiveCfg = Release|Any CPU
		{80096F49-1AFF-4067-81FF-FBDB93A5B4EA}.Release|Mixed Platforms.Build.0 = Release|Any CPU
		{80096F49-1AFF-4067-81FF-FBDB93A5B4EA}.Release|Win32.ActiveCfg = Release|Any CPU
	EndGlobalSection
	GlobalSection(SolutionProperties) = preSolution
		HideSolutionNode = FALSE
	EndGlobalSection
EndGlobal
