
Microsoft Visual Studio Solution File, Format Version 10.00
# Visual Studio 2008
Project("{FAE04EC0-301F-11D3-BF4B-00C04F79EFBC}") = "PDA", "PDA\PDA.csproj", "{B2A720D8-031E-46B9-A6B0-393507297D37}"
EndProject
Project("{FAE04EC0-301F-11D3-BF4B-00C04F79EFBC}") = "WebService4PDA", "..\WebService2\WebService2\WebService4PDA.csproj", "{6EC06132-2ADC-4889-B31D-57A8016BE967}"
EndProject
Project("{FAE04EC0-301F-11D3-BF4B-00C04F79EFBC}") = "PDATest", "PDATest\PDATest.csproj", "{C187468F-8AFC-4173-AA4D-811D88334604}"
EndProject
Project("{2150E333-8FDC-42A3-9474-1A3956D46DE8}") = "Solution Items", "Solution Items", "{5D44BB12-6DB6-45F1-9438-2C028924C776}"
	ProjectSection(SolutionItems) = preProject
		LocalTestRun.testrunconfig = LocalTestRun.testrunconfig
		PDA.vsmdi = PDA.vsmdi
	EndProjectSection
EndProject
Global
	GlobalSection(TestCaseManagementSettings) = postSolution
		CategoryFile = PDA.vsmdi
	EndGlobalSection
	GlobalSection(SourceCodeControl) = preSolution
		SccNumberOfProjects = 1
		SccProjectUniqueName0 = ..\\WebService2\\WebService2\\WebService4PDA.csproj
		SccProjectName0 = \u0022$/WebService4PDA\u0022,\u0020JBAAAAAA
		SccLocalPath0 = ..\\WebService2\\WebService2
		SccProvider0 = MSSCCI:Microsoft\u0020Visual\u0020SourceSafe
	EndGlobalSection
	GlobalSection(SolutionConfigurationPlatforms) = preSolution
		Debug|Any CPU = Debug|Any CPU
		Release|Any CPU = Release|Any CPU
	EndGlobalSection
	GlobalSection(ProjectConfigurationPlatforms) = postSolution
		{B2A720D8-031E-46B9-A6B0-393507297D37}.Debug|Any CPU.ActiveCfg = Debug|Any CPU
		{B2A720D8-031E-46B9-A6B0-393507297D37}.Debug|Any CPU.Build.0 = Debug|Any CPU
		{B2A720D8-031E-46B9-A6B0-393507297D37}.Debug|Any CPU.Deploy.0 = Debug|Any CPU
		{B2A720D8-031E-46B9-A6B0-393507297D37}.Release|Any CPU.ActiveCfg = Release|Any CPU
		{B2A720D8-031E-46B9-A6B0-393507297D37}.Release|Any CPU.Build.0 = Release|Any CPU
		{B2A720D8-031E-46B9-A6B0-393507297D37}.Release|Any CPU.Deploy.0 = Release|Any CPU
		{6EC06132-2ADC-4889-B31D-57A8016BE967}.Debug|Any CPU.ActiveCfg = Debug|Any CPU
		{6EC06132-2ADC-4889-B31D-57A8016BE967}.Debug|Any CPU.Build.0 = Debug|Any CPU
		{6EC06132-2ADC-4889-B31D-57A8016BE967}.Release|Any CPU.ActiveCfg = Release|Any CPU
		{6EC06132-2ADC-4889-B31D-57A8016BE967}.Release|Any CPU.Build.0 = Release|Any CPU
		{C187468F-8AFC-4173-AA4D-811D88334604}.Debug|Any CPU.ActiveCfg = Debug|Any CPU
		{C187468F-8AFC-4173-AA4D-811D88334604}.Debug|Any CPU.Build.0 = Debug|Any CPU
		{C187468F-8AFC-4173-AA4D-811D88334604}.Release|Any CPU.ActiveCfg = Release|Any CPU
		{C187468F-8AFC-4173-AA4D-811D88334604}.Release|Any CPU.Build.0 = Release|Any CPU
	EndGlobalSection
	GlobalSection(SolutionProperties) = preSolution
		HideSolutionNode = FALSE
	EndGlobalSection
EndGlobal
