
Microsoft Visual Studio Solution File, Format Version 9.00
# Visual Studio 2005
Project("{FAE04EC0-301F-11D3-BF4B-00C04F79EFBC}") = "FT.Commons", "FT.Commons\FT.Commons.csproj", "{BD4D9CFE-3A5A-4D11-A601-A7F161FC266A}"
EndProject
Project("{FAE04EC0-301F-11D3-BF4B-00C04F79EFBC}") = "FT.DAL", "FT.DAL\FT.DAL.csproj", "{28F66C9B-578D-409B-9314-02E213917C04}"
EndProject
Project("{FAE04EC0-301F-11D3-BF4B-00C04F79EFBC}") = "FT.Device", "FT.Device\FT.Device.csproj", "{B43D9F80-668C-4291-A1AA-5D2FC6329EC3}"
EndProject
Project("{FAE04EC0-301F-11D3-BF4B-00C04F79EFBC}") = "FT.Lottery", "FT.Lottery\FT.Lottery.csproj", "{81CC8F56-BEDD-4573-85A3-8091A11D693C}"
EndProject
Project("{FAE04EC0-301F-11D3-BF4B-00C04F79EFBC}") = "FT.Test", "FT.Test\FT.Test.csproj", "{48FFEF7D-D3A4-4021-B8D9-3622FE96C1D0}"
EndProject
Project("{FAE04EC0-301F-11D3-BF4B-00C04F79EFBC}") = "FT.Windows.Controls", "FT.Windows.Controls\FT.Windows.Controls.csproj", "{9F76E9BB-9B72-4DBB-9610-2673ADC8C0AA}"
EndProject
Project("{FAE04EC0-301F-11D3-BF4B-00C04F79EFBC}") = "FT.Windows.Forms", "FT.Windows.Forms\FT.Windows.Forms.csproj", "{80096F49-1AFF-4067-81FF-FBDB93A5B4EA}"
EndProject
Project("{FAE04EC0-301F-11D3-BF4B-00C04F79EFBC}") = "FT.Windows.CommonsPlugin", "FT.Windows.CommonsPlugin\FT.Windows.CommonsPlugin.csproj", "{A7DB4100-DFC0-486A-91B1-85295A5F6FC2}"
EndProject
Project("{FAE04EC0-301F-11D3-BF4B-00C04F79EFBC}") = "FT.Plugins.PersonCard", "FT.Plugins.PersonCard\FT.Plugins.PersonCard.csproj", "{D5EC5557-52D2-4FEC-B635-4E1502BB98F5}"
EndProject
Project("{FAE04EC0-301F-11D3-BF4B-00C04F79EFBC}") = "DS.Plugins.Car", "DS.Plugins.Car\DS.Plugins.Car.csproj", "{EAEC7C52-7FC6-484C-9199-DBAB71E19222}"
EndProject
Project("{FAE04EC0-301F-11D3-BF4B-00C04F79EFBC}") = "DS.Plugins.Student", "DS.Plugins.Student\DS.Plugins.Student.csproj", "{F59AB405-CEC3-45AB-9D81-61FEE085A8A8}"
EndProject
Project("{FAE04EC0-301F-11D3-BF4B-00C04F79EFBC}") = "FT.Windows.ExternalTool", "FT.Windows.ExternalTool\FT.Windows.ExternalTool.csproj", "{78DF4A96-58A9-442F-B047-ED8D56196172}"
EndProject
Project("{FAE04EC0-301F-11D3-BF4B-00C04F79EFBC}") = "Vehicle.Plugins", "Vehicle.Plugins\Vehicle.Plugins.csproj", "{A20DA43E-00E2-483D-AC05-1F398BD6FEE1}"
EndProject
Project("{FAE04EC0-301F-11D3-BF4B-00C04F79EFBC}") = "Vehicle", "Vehicle\Vehicle.csproj", "{87811F1F-F7D4-4724-A8F9-70BD826D3D55}"
EndProject
Project("{FAE04EC0-301F-11D3-BF4B-00C04F79EFBC}") = "CodeBarReader", "CodeBarReader\CodeBarReader.csproj", "{0AB7C586-5C95-496F-BADD-468148E0D9CF}"
EndProject
Project("{FAE04EC0-301F-11D3-BF4B-00C04F79EFBC}") = "DriverSchool", "DriverSchool\DriverSchool.csproj", "{71BC9BC6-6DB1-4A65-8211-5DE02452C754}"
EndProject
Project("{FAE04EC0-301F-11D3-BF4B-00C04F79EFBC}") = "PersonCard", "PersonCard\PersonCard.csproj", "{7225C750-A181-4281-89CE-BFCEF43BBA8D}"
EndProject
Project("{FAE04EC0-301F-11D3-BF4B-00C04F79EFBC}") = "FT.Exam", "FT.Exam\FT.Exam.csproj", "{A97140E7-0440-4366-8B73-CCF92BDE7095}"
EndProject
Project("{FAE04EC0-301F-11D3-BF4B-00C04F79EFBC}") = "ExamAppSys", "ExamAppSys\ExamAppSys.csproj", "{2EF60A99-F6F1-422D-A43C-35B1F12CE5DA}"
EndProject
Project("{FAE04EC0-301F-11D3-BF4B-00C04F79EFBC}") = "Jxc", "Jxc\Jxc.csproj", "{8A799620-73EA-4A44-B1E8-0D895C5A4065}"
EndProject
Project("{FAE04EC0-301F-11D3-BF4B-00C04F79EFBC}") = "Jxc.Plugin", "Jxc.Plugin\Jxc.Plugin.csproj", "{C28C262C-4D3A-42F0-B7C0-237A4B723537}"
EndProject
Project("{FAE04EC0-301F-11D3-BF4B-00C04F79EFBC}") = "PhotoMonitor", "PhotoMonitor\PhotoMonitor.csproj", "{BDFD098E-F081-4272-A08E-2ECEF74BB170}"
EndProject
Project("{FAE04EC0-301F-11D3-BF4B-00C04F79EFBC}") = "CodeBarMonitor", "CodeBarMonitor\CodeBarMonitor.csproj", "{4C1EE594-D9F2-49A2-AAB8-D5BD36C48B0A}"
EndProject
Project("{FAE04EC0-301F-11D3-BF4B-00C04F79EFBC}") = "FT.NotePad", "FT.NotePad\FT.NotePad.csproj", "{E5B35E60-8F2B-416C-B08D-126604B17F00}"
EndProject
Project("{FAE04EC0-301F-11D3-BF4B-00C04F79EFBC}") = "NotePad", "NotePad\NotePad.csproj", "{EF452410-E472-4983-84A3-125B719F15BA}"
EndProject
Project("{FAE04EC0-301F-11D3-BF4B-00C04F79EFBC}") = "PhotoCutMonitor", "PhotoCutMonitor\PhotoCutMonitor.csproj", "{117F1E28-FF2D-4BCA-8F1A-F82C2B3E6F08}"
EndProject
Project("{FAE04EC0-301F-11D3-BF4B-00C04F79EFBC}") = "PhotoZipUpTools", "PhotoZipUpTools\PhotoZipUpTools.csproj", "{0AEA68D2-6B79-4824-AD6C-388E4EA17645}"
EndProject
Global
	GlobalSection(SolutionConfigurationPlatforms) = preSolution
		Debug|.NET = Debug|.NET
		Debug|Any CPU = Debug|Any CPU
		Debug|Mixed Platforms = Debug|Mixed Platforms
		Release|.NET = Release|.NET
		Release|Any CPU = Release|Any CPU
		Release|Mixed Platforms = Release|Mixed Platforms
	EndGlobalSection
	GlobalSection(ProjectConfigurationPlatforms) = postSolution
		{BD4D9CFE-3A5A-4D11-A601-A7F161FC266A}.Debug|.NET.ActiveCfg = Debug|Any CPU
		{BD4D9CFE-3A5A-4D11-A601-A7F161FC266A}.Debug|Any CPU.ActiveCfg = Debug|Any CPU
		{BD4D9CFE-3A5A-4D11-A601-A7F161FC266A}.Debug|Any CPU.Build.0 = Debug|Any CPU
		{BD4D9CFE-3A5A-4D11-A601-A7F161FC266A}.Debug|Mixed Platforms.ActiveCfg = Debug|Any CPU
		{BD4D9CFE-3A5A-4D11-A601-A7F161FC266A}.Debug|Mixed Platforms.Build.0 = Debug|Any CPU
		{BD4D9CFE-3A5A-4D11-A601-A7F161FC266A}.Release|.NET.ActiveCfg = Release|Any CPU
		{BD4D9CFE-3A5A-4D11-A601-A7F161FC266A}.Release|Any CPU.ActiveCfg = Release|Any CPU
		{BD4D9CFE-3A5A-4D11-A601-A7F161FC266A}.Release|Any CPU.Build.0 = Release|Any CPU
		{BD4D9CFE-3A5A-4D11-A601-A7F161FC266A}.Release|Mixed Platforms.ActiveCfg = Release|Any CPU
		{BD4D9CFE-3A5A-4D11-A601-A7F161FC266A}.Release|Mixed Platforms.Build.0 = Release|Any CPU
		{28F66C9B-578D-409B-9314-02E213917C04}.Debug|.NET.ActiveCfg = Debug|Any CPU
		{28F66C9B-578D-409B-9314-02E213917C04}.Debug|Any CPU.ActiveCfg = Debug|Any CPU
		{28F66C9B-578D-409B-9314-02E213917C04}.Debug|Any CPU.Build.0 = Debug|Any CPU
		{28F66C9B-578D-409B-9314-02E213917C04}.Debug|Mixed Platforms.ActiveCfg = Debug|Any CPU
		{28F66C9B-578D-409B-9314-02E213917C04}.Debug|Mixed Platforms.Build.0 = Debug|Any CPU
		{28F66C9B-578D-409B-9314-02E213917C04}.Release|.NET.ActiveCfg = Release|Any CPU
		{28F66C9B-578D-409B-9314-02E213917C04}.Release|Any CPU.ActiveCfg = Release|Any CPU
		{28F66C9B-578D-409B-9314-02E213917C04}.Release|Any CPU.Build.0 = Release|Any CPU
		{28F66C9B-578D-409B-9314-02E213917C04}.Release|Mixed Platforms.ActiveCfg = Release|Any CPU
		{28F66C9B-578D-409B-9314-02E213917C04}.Release|Mixed Platforms.Build.0 = Release|Any CPU
		{B43D9F80-668C-4291-A1AA-5D2FC6329EC3}.Debug|.NET.ActiveCfg = Debug|Any CPU
		{B43D9F80-668C-4291-A1AA-5D2FC6329EC3}.Debug|Any CPU.ActiveCfg = Debug|Any CPU
		{B43D9F80-668C-4291-A1AA-5D2FC6329EC3}.Debug|Any CPU.Build.0 = Debug|Any CPU
		{B43D9F80-668C-4291-A1AA-5D2FC6329EC3}.Debug|Mixed Platforms.ActiveCfg = Debug|Any CPU
		{B43D9F80-668C-4291-A1AA-5D2FC6329EC3}.Debug|Mixed Platforms.Build.0 = Debug|Any CPU
		{B43D9F80-668C-4291-A1AA-5D2FC6329EC3}.Release|.NET.ActiveCfg = Release|Any CPU
		{B43D9F80-668C-4291-A1AA-5D2FC6329EC3}.Release|Any CPU.ActiveCfg = Release|Any CPU
		{B43D9F80-668C-4291-A1AA-5D2FC6329EC3}.Release|Any CPU.Build.0 = Release|Any CPU
		{B43D9F80-668C-4291-A1AA-5D2FC6329EC3}.Release|Mixed Platforms.ActiveCfg = Release|Any CPU
		{B43D9F80-668C-4291-A1AA-5D2FC6329EC3}.Release|Mixed Platforms.Build.0 = Release|Any CPU
		{81CC8F56-BEDD-4573-85A3-8091A11D693C}.Debug|.NET.ActiveCfg = Debug|Any CPU
		{81CC8F56-BEDD-4573-85A3-8091A11D693C}.Debug|Any CPU.ActiveCfg = Debug|Any CPU
		{81CC8F56-BEDD-4573-85A3-8091A11D693C}.Debug|Any CPU.Build.0 = Debug|Any CPU
		{81CC8F56-BEDD-4573-85A3-8091A11D693C}.Debug|Mixed Platforms.ActiveCfg = Debug|Any CPU
		{81CC8F56-BEDD-4573-85A3-8091A11D693C}.Debug|Mixed Platforms.Build.0 = Debug|Any CPU
		{81CC8F56-BEDD-4573-85A3-8091A11D693C}.Release|.NET.ActiveCfg = Release|Any CPU
		{81CC8F56-BEDD-4573-85A3-8091A11D693C}.Release|Any CPU.ActiveCfg = Release|Any CPU
		{81CC8F56-BEDD-4573-85A3-8091A11D693C}.Release|Any CPU.Build.0 = Release|Any CPU
		{81CC8F56-BEDD-4573-85A3-8091A11D693C}.Release|Mixed Platforms.ActiveCfg = Release|Any CPU
		{81CC8F56-BEDD-4573-85A3-8091A11D693C}.Release|Mixed Platforms.Build.0 = Release|Any CPU
		{48FFEF7D-D3A4-4021-B8D9-3622FE96C1D0}.Debug|.NET.ActiveCfg = Debug|Any CPU
		{48FFEF7D-D3A4-4021-B8D9-3622FE96C1D0}.Debug|Any CPU.ActiveCfg = Debug|Any CPU
		{48FFEF7D-D3A4-4021-B8D9-3622FE96C1D0}.Debug|Any CPU.Build.0 = Debug|Any CPU
		{48FFEF7D-D3A4-4021-B8D9-3622FE96C1D0}.Debug|Mixed Platforms.ActiveCfg = Debug|Any CPU
		{48FFEF7D-D3A4-4021-B8D9-3622FE96C1D0}.Debug|Mixed Platforms.Build.0 = Debug|Any CPU
		{48FFEF7D-D3A4-4021-B8D9-3622FE96C1D0}.Release|.NET.ActiveCfg = Release|Any CPU
		{48FFEF7D-D3A4-4021-B8D9-3622FE96C1D0}.Release|Any CPU.ActiveCfg = Release|Any CPU
		{48FFEF7D-D3A4-4021-B8D9-3622FE96C1D0}.Release|Any CPU.Build.0 = Release|Any CPU
		{48FFEF7D-D3A4-4021-B8D9-3622FE96C1D0}.Release|Mixed Platforms.ActiveCfg = Release|Any CPU
		{48FFEF7D-D3A4-4021-B8D9-3622FE96C1D0}.Release|Mixed Platforms.Build.0 = Release|Any CPU
		{9F76E9BB-9B72-4DBB-9610-2673ADC8C0AA}.Debug|.NET.ActiveCfg = Debug|Any CPU
		{9F76E9BB-9B72-4DBB-9610-2673ADC8C0AA}.Debug|Any CPU.ActiveCfg = Debug|Any CPU
		{9F76E9BB-9B72-4DBB-9610-2673ADC8C0AA}.Debug|Any CPU.Build.0 = Debug|Any CPU
		{9F76E9BB-9B72-4DBB-9610-2673ADC8C0AA}.Debug|Mixed Platforms.ActiveCfg = Debug|Any CPU
		{9F76E9BB-9B72-4DBB-9610-2673ADC8C0AA}.Debug|Mixed Platforms.Build.0 = Debug|Any CPU
		{9F76E9BB-9B72-4DBB-9610-2673ADC8C0AA}.Release|.NET.ActiveCfg = Release|Any CPU
		{9F76E9BB-9B72-4DBB-9610-2673ADC8C0AA}.Release|Any CPU.ActiveCfg = Release|Any CPU
		{9F76E9BB-9B72-4DBB-9610-2673ADC8C0AA}.Release|Any CPU.Build.0 = Release|Any CPU
		{9F76E9BB-9B72-4DBB-9610-2673ADC8C0AA}.Release|Mixed Platforms.ActiveCfg = Release|Any CPU
		{9F76E9BB-9B72-4DBB-9610-2673ADC8C0AA}.Release|Mixed Platforms.Build.0 = Release|Any CPU
		{80096F49-1AFF-4067-81FF-FBDB93A5B4EA}.Debug|.NET.ActiveCfg = Debug|Any CPU
		{80096F49-1AFF-4067-81FF-FBDB93A5B4EA}.Debug|Any CPU.ActiveCfg = Debug|Any CPU
		{80096F49-1AFF-4067-81FF-FBDB93A5B4EA}.Debug|Any CPU.Build.0 = Debug|Any CPU
		{80096F49-1AFF-4067-81FF-FBDB93A5B4EA}.Debug|Mixed Platforms.ActiveCfg = Debug|Any CPU
		{80096F49-1AFF-4067-81FF-FBDB93A5B4EA}.Debug|Mixed Platforms.Build.0 = Debug|Any CPU
		{80096F49-1AFF-4067-81FF-FBDB93A5B4EA}.Release|.NET.ActiveCfg = Release|Any CPU
		{80096F49-1AFF-4067-81FF-FBDB93A5B4EA}.Release|Any CPU.ActiveCfg = Release|Any CPU
		{80096F49-1AFF-4067-81FF-FBDB93A5B4EA}.Release|Any CPU.Build.0 = Release|Any CPU
		{80096F49-1AFF-4067-81FF-FBDB93A5B4EA}.Release|Mixed Platforms.ActiveCfg = Release|Any CPU
		{80096F49-1AFF-4067-81FF-FBDB93A5B4EA}.Release|Mixed Platforms.Build.0 = Release|Any CPU
		{A7DB4100-DFC0-486A-91B1-85295A5F6FC2}.Debug|.NET.ActiveCfg = Debug|Any CPU
		{A7DB4100-DFC0-486A-91B1-85295A5F6FC2}.Debug|Any CPU.ActiveCfg = Debug|Any CPU
		{A7DB4100-DFC0-486A-91B1-85295A5F6FC2}.Debug|Any CPU.Build.0 = Debug|Any CPU
		{A7DB4100-DFC0-486A-91B1-85295A5F6FC2}.Debug|Mixed Platforms.ActiveCfg = Debug|Any CPU
		{A7DB4100-DFC0-486A-91B1-85295A5F6FC2}.Debug|Mixed Platforms.Build.0 = Debug|Any CPU
		{A7DB4100-DFC0-486A-91B1-85295A5F6FC2}.Release|.NET.ActiveCfg = Release|Any CPU
		{A7DB4100-DFC0-486A-91B1-85295A5F6FC2}.Release|Any CPU.ActiveCfg = Release|Any CPU
		{A7DB4100-DFC0-486A-91B1-85295A5F6FC2}.Release|Any CPU.Build.0 = Release|Any CPU
		{A7DB4100-DFC0-486A-91B1-85295A5F6FC2}.Release|Mixed Platforms.ActiveCfg = Release|Any CPU
		{A7DB4100-DFC0-486A-91B1-85295A5F6FC2}.Release|Mixed Platforms.Build.0 = Release|Any CPU
		{D5EC5557-52D2-4FEC-B635-4E1502BB98F5}.Debug|.NET.ActiveCfg = Debug|Any CPU
		{D5EC5557-52D2-4FEC-B635-4E1502BB98F5}.Debug|Any CPU.ActiveCfg = Debug|Any CPU
		{D5EC5557-52D2-4FEC-B635-4E1502BB98F5}.Debug|Any CPU.Build.0 = Debug|Any CPU
		{D5EC5557-52D2-4FEC-B635-4E1502BB98F5}.Debug|Mixed Platforms.ActiveCfg = Debug|Any CPU
		{D5EC5557-52D2-4FEC-B635-4E1502BB98F5}.Debug|Mixed Platforms.Build.0 = Debug|Any CPU
		{D5EC5557-52D2-4FEC-B635-4E1502BB98F5}.Release|.NET.ActiveCfg = Release|Any CPU
		{D5EC5557-52D2-4FEC-B635-4E1502BB98F5}.Release|Any CPU.ActiveCfg = Release|Any CPU
		{D5EC5557-52D2-4FEC-B635-4E1502BB98F5}.Release|Any CPU.Build.0 = Release|Any CPU
		{D5EC5557-52D2-4FEC-B635-4E1502BB98F5}.Release|Mixed Platforms.ActiveCfg = Release|Any CPU
		{D5EC5557-52D2-4FEC-B635-4E1502BB98F5}.Release|Mixed Platforms.Build.0 = Release|Any CPU
		{EAEC7C52-7FC6-484C-9199-DBAB71E19222}.Debug|.NET.ActiveCfg = Debug|Any CPU
		{EAEC7C52-7FC6-484C-9199-DBAB71E19222}.Debug|Any CPU.ActiveCfg = Debug|Any CPU
		{EAEC7C52-7FC6-484C-9199-DBAB71E19222}.Debug|Any CPU.Build.0 = Debug|Any CPU
		{EAEC7C52-7FC6-484C-9199-DBAB71E19222}.Debug|Mixed Platforms.ActiveCfg = Debug|Any CPU
		{EAEC7C52-7FC6-484C-9199-DBAB71E19222}.Debug|Mixed Platforms.Build.0 = Debug|Any CPU
		{EAEC7C52-7FC6-484C-9199-DBAB71E19222}.Release|.NET.ActiveCfg = Release|Any CPU
		{EAEC7C52-7FC6-484C-9199-DBAB71E19222}.Release|Any CPU.ActiveCfg = Release|Any CPU
		{EAEC7C52-7FC6-484C-9199-DBAB71E19222}.Release|Any CPU.Build.0 = Release|Any CPU
		{EAEC7C52-7FC6-484C-9199-DBAB71E19222}.Release|Mixed Platforms.ActiveCfg = Release|Any CPU
		{EAEC7C52-7FC6-484C-9199-DBAB71E19222}.Release|Mixed Platforms.Build.0 = Release|Any CPU
		{F59AB405-CEC3-45AB-9D81-61FEE085A8A8}.Debug|.NET.ActiveCfg = Debug|Any CPU
		{F59AB405-CEC3-45AB-9D81-61FEE085A8A8}.Debug|Any CPU.ActiveCfg = Debug|Any CPU
		{F59AB405-CEC3-45AB-9D81-61FEE085A8A8}.Debug|Any CPU.Build.0 = Debug|Any CPU
		{F59AB405-CEC3-45AB-9D81-61FEE085A8A8}.Debug|Mixed Platforms.ActiveCfg = Debug|Any CPU
		{F59AB405-CEC3-45AB-9D81-61FEE085A8A8}.Debug|Mixed Platforms.Build.0 = Debug|Any CPU
		{F59AB405-CEC3-45AB-9D81-61FEE085A8A8}.Release|.NET.ActiveCfg = Release|Any CPU
		{F59AB405-CEC3-45AB-9D81-61FEE085A8A8}.Release|Any CPU.ActiveCfg = Release|Any CPU
		{F59AB405-CEC3-45AB-9D81-61FEE085A8A8}.Release|Any CPU.Build.0 = Release|Any CPU
		{F59AB405-CEC3-45AB-9D81-61FEE085A8A8}.Release|Mixed Platforms.ActiveCfg = Release|Any CPU
		{F59AB405-CEC3-45AB-9D81-61FEE085A8A8}.Release|Mixed Platforms.Build.0 = Release|Any CPU
		{78DF4A96-58A9-442F-B047-ED8D56196172}.Debug|.NET.ActiveCfg = Debug|Any CPU
		{78DF4A96-58A9-442F-B047-ED8D56196172}.Debug|Any CPU.ActiveCfg = Debug|Any CPU
		{78DF4A96-58A9-442F-B047-ED8D56196172}.Debug|Any CPU.Build.0 = Debug|Any CPU
		{78DF4A96-58A9-442F-B047-ED8D56196172}.Debug|Mixed Platforms.ActiveCfg = Debug|Any CPU
		{78DF4A96-58A9-442F-B047-ED8D56196172}.Debug|Mixed Platforms.Build.0 = Debug|Any CPU
		{78DF4A96-58A9-442F-B047-ED8D56196172}.Release|.NET.ActiveCfg = Release|Any CPU
		{78DF4A96-58A9-442F-B047-ED8D56196172}.Release|Any CPU.ActiveCfg = Release|Any CPU
		{78DF4A96-58A9-442F-B047-ED8D56196172}.Release|Any CPU.Build.0 = Release|Any CPU
		{78DF4A96-58A9-442F-B047-ED8D56196172}.Release|Mixed Platforms.ActiveCfg = Release|Any CPU
		{78DF4A96-58A9-442F-B047-ED8D56196172}.Release|Mixed Platforms.Build.0 = Release|Any CPU
		{A20DA43E-00E2-483D-AC05-1F398BD6FEE1}.Debug|.NET.ActiveCfg = Debug|Any CPU
		{A20DA43E-00E2-483D-AC05-1F398BD6FEE1}.Debug|Any CPU.ActiveCfg = Debug|Any CPU
		{A20DA43E-00E2-483D-AC05-1F398BD6FEE1}.Debug|Any CPU.Build.0 = Debug|Any CPU
		{A20DA43E-00E2-483D-AC05-1F398BD6FEE1}.Debug|Mixed Platforms.ActiveCfg = Debug|Any CPU
		{A20DA43E-00E2-483D-AC05-1F398BD6FEE1}.Debug|Mixed Platforms.Build.0 = Debug|Any CPU
		{A20DA43E-00E2-483D-AC05-1F398BD6FEE1}.Release|.NET.ActiveCfg = Release|Any CPU
		{A20DA43E-00E2-483D-AC05-1F398BD6FEE1}.Release|Any CPU.ActiveCfg = Release|Any CPU
		{A20DA43E-00E2-483D-AC05-1F398BD6FEE1}.Release|Any CPU.Build.0 = Release|Any CPU
		{A20DA43E-00E2-483D-AC05-1F398BD6FEE1}.Release|Mixed Platforms.ActiveCfg = Release|Any CPU
		{A20DA43E-00E2-483D-AC05-1F398BD6FEE1}.Release|Mixed Platforms.Build.0 = Release|Any CPU
		{87811F1F-F7D4-4724-A8F9-70BD826D3D55}.Debug|.NET.ActiveCfg = Debug|Any CPU
		{87811F1F-F7D4-4724-A8F9-70BD826D3D55}.Debug|Any CPU.ActiveCfg = Debug|Any CPU
		{87811F1F-F7D4-4724-A8F9-70BD826D3D55}.Debug|Any CPU.Build.0 = Debug|Any CPU
		{87811F1F-F7D4-4724-A8F9-70BD826D3D55}.Debug|Mixed Platforms.ActiveCfg = Debug|Any CPU
		{87811F1F-F7D4-4724-A8F9-70BD826D3D55}.Debug|Mixed Platforms.Build.0 = Debug|Any CPU
		{87811F1F-F7D4-4724-A8F9-70BD826D3D55}.Release|.NET.ActiveCfg = Release|Any CPU
		{87811F1F-F7D4-4724-A8F9-70BD826D3D55}.Release|Any CPU.ActiveCfg = Release|Any CPU
		{87811F1F-F7D4-4724-A8F9-70BD826D3D55}.Release|Any CPU.Build.0 = Release|Any CPU
		{87811F1F-F7D4-4724-A8F9-70BD826D3D55}.Release|Mixed Platforms.ActiveCfg = Release|Any CPU
		{87811F1F-F7D4-4724-A8F9-70BD826D3D55}.Release|Mixed Platforms.Build.0 = Release|Any CPU
		{0AB7C586-5C95-496F-BADD-468148E0D9CF}.Debug|.NET.ActiveCfg = Debug|Any CPU
		{0AB7C586-5C95-496F-BADD-468148E0D9CF}.Debug|Any CPU.ActiveCfg = Debug|Any CPU
		{0AB7C586-5C95-496F-BADD-468148E0D9CF}.Debug|Any CPU.Build.0 = Debug|Any CPU
		{0AB7C586-5C95-496F-BADD-468148E0D9CF}.Debug|Mixed Platforms.ActiveCfg = Debug|Any CPU
		{0AB7C586-5C95-496F-BADD-468148E0D9CF}.Debug|Mixed Platforms.Build.0 = Debug|Any CPU
		{0AB7C586-5C95-496F-BADD-468148E0D9CF}.Release|.NET.ActiveCfg = Release|Any CPU
		{0AB7C586-5C95-496F-BADD-468148E0D9CF}.Release|Any CPU.ActiveCfg = Release|Any CPU
		{0AB7C586-5C95-496F-BADD-468148E0D9CF}.Release|Any CPU.Build.0 = Release|Any CPU
		{0AB7C586-5C95-496F-BADD-468148E0D9CF}.Release|Mixed Platforms.ActiveCfg = Release|Any CPU
		{0AB7C586-5C95-496F-BADD-468148E0D9CF}.Release|Mixed Platforms.Build.0 = Release|Any CPU
		{71BC9BC6-6DB1-4A65-8211-5DE02452C754}.Debug|.NET.ActiveCfg = Debug|Any CPU
		{71BC9BC6-6DB1-4A65-8211-5DE02452C754}.Debug|Any CPU.ActiveCfg = Debug|Any CPU
		{71BC9BC6-6DB1-4A65-8211-5DE02452C754}.Debug|Any CPU.Build.0 = Debug|Any CPU
		{71BC9BC6-6DB1-4A65-8211-5DE02452C754}.Debug|Mixed Platforms.ActiveCfg = Debug|Any CPU
		{71BC9BC6-6DB1-4A65-8211-5DE02452C754}.Debug|Mixed Platforms.Build.0 = Debug|Any CPU
		{71BC9BC6-6DB1-4A65-8211-5DE02452C754}.Release|.NET.ActiveCfg = Release|Any CPU
		{71BC9BC6-6DB1-4A65-8211-5DE02452C754}.Release|Any CPU.ActiveCfg = Release|Any CPU
		{71BC9BC6-6DB1-4A65-8211-5DE02452C754}.Release|Any CPU.Build.0 = Release|Any CPU
		{71BC9BC6-6DB1-4A65-8211-5DE02452C754}.Release|Mixed Platforms.ActiveCfg = Release|Any CPU
		{71BC9BC6-6DB1-4A65-8211-5DE02452C754}.Release|Mixed Platforms.Build.0 = Release|Any CPU
		{7225C750-A181-4281-89CE-BFCEF43BBA8D}.Debug|.NET.ActiveCfg = Debug|Any CPU
		{7225C750-A181-4281-89CE-BFCEF43BBA8D}.Debug|Any CPU.ActiveCfg = Debug|Any CPU
		{7225C750-A181-4281-89CE-BFCEF43BBA8D}.Debug|Any CPU.Build.0 = Debug|Any CPU
		{7225C750-A181-4281-89CE-BFCEF43BBA8D}.Debug|Mixed Platforms.ActiveCfg = Debug|Any CPU
		{7225C750-A181-4281-89CE-BFCEF43BBA8D}.Debug|Mixed Platforms.Build.0 = Debug|Any CPU
		{7225C750-A181-4281-89CE-BFCEF43BBA8D}.Release|.NET.ActiveCfg = Release|Any CPU
		{7225C750-A181-4281-89CE-BFCEF43BBA8D}.Release|Any CPU.ActiveCfg = Release|Any CPU
		{7225C750-A181-4281-89CE-BFCEF43BBA8D}.Release|Any CPU.Build.0 = Release|Any CPU
		{7225C750-A181-4281-89CE-BFCEF43BBA8D}.Release|Mixed Platforms.ActiveCfg = Release|Any CPU
		{7225C750-A181-4281-89CE-BFCEF43BBA8D}.Release|Mixed Platforms.Build.0 = Release|Any CPU
		{A97140E7-0440-4366-8B73-CCF92BDE7095}.Debug|.NET.ActiveCfg = Debug|Any CPU
		{A97140E7-0440-4366-8B73-CCF92BDE7095}.Debug|Any CPU.ActiveCfg = Debug|Any CPU
		{A97140E7-0440-4366-8B73-CCF92BDE7095}.Debug|Any CPU.Build.0 = Debug|Any CPU
		{A97140E7-0440-4366-8B73-CCF92BDE7095}.Debug|Mixed Platforms.ActiveCfg = Debug|Any CPU
		{A97140E7-0440-4366-8B73-CCF92BDE7095}.Debug|Mixed Platforms.Build.0 = Debug|Any CPU
		{A97140E7-0440-4366-8B73-CCF92BDE7095}.Release|.NET.ActiveCfg = Release|Any CPU
		{A97140E7-0440-4366-8B73-CCF92BDE7095}.Release|Any CPU.ActiveCfg = Release|Any CPU
		{A97140E7-0440-4366-8B73-CCF92BDE7095}.Release|Any CPU.Build.0 = Release|Any CPU
		{A97140E7-0440-4366-8B73-CCF92BDE7095}.Release|Mixed Platforms.ActiveCfg = Release|Any CPU
		{A97140E7-0440-4366-8B73-CCF92BDE7095}.Release|Mixed Platforms.Build.0 = Release|Any CPU
		{2EF60A99-F6F1-422D-A43C-35B1F12CE5DA}.Debug|.NET.ActiveCfg = Debug|Any CPU
		{2EF60A99-F6F1-422D-A43C-35B1F12CE5DA}.Debug|Any CPU.ActiveCfg = Debug|Any CPU
		{2EF60A99-F6F1-422D-A43C-35B1F12CE5DA}.Debug|Any CPU.Build.0 = Debug|Any CPU
		{2EF60A99-F6F1-422D-A43C-35B1F12CE5DA}.Debug|Mixed Platforms.ActiveCfg = Debug|Any CPU
		{2EF60A99-F6F1-422D-A43C-35B1F12CE5DA}.Debug|Mixed Platforms.Build.0 = Debug|Any CPU
		{2EF60A99-F6F1-422D-A43C-35B1F12CE5DA}.Release|.NET.ActiveCfg = Release|Any CPU
		{2EF60A99-F6F1-422D-A43C-35B1F12CE5DA}.Release|Any CPU.ActiveCfg = Release|Any CPU
		{2EF60A99-F6F1-422D-A43C-35B1F12CE5DA}.Release|Any CPU.Build.0 = Release|Any CPU
		{2EF60A99-F6F1-422D-A43C-35B1F12CE5DA}.Release|Mixed Platforms.ActiveCfg = Release|Any CPU
		{2EF60A99-F6F1-422D-A43C-35B1F12CE5DA}.Release|Mixed Platforms.Build.0 = Release|Any CPU
		{8A799620-73EA-4A44-B1E8-0D895C5A4065}.Debug|.NET.ActiveCfg = Debug|Any CPU
		{8A799620-73EA-4A44-B1E8-0D895C5A4065}.Debug|Any CPU.ActiveCfg = Debug|Any CPU
		{8A799620-73EA-4A44-B1E8-0D895C5A4065}.Debug|Any CPU.Build.0 = Debug|Any CPU
		{8A799620-73EA-4A44-B1E8-0D895C5A4065}.Debug|Mixed Platforms.ActiveCfg = Debug|Any CPU
		{8A799620-73EA-4A44-B1E8-0D895C5A4065}.Debug|Mixed Platforms.Build.0 = Debug|Any CPU
		{8A799620-73EA-4A44-B1E8-0D895C5A4065}.Release|.NET.ActiveCfg = Release|Any CPU
		{8A799620-73EA-4A44-B1E8-0D895C5A4065}.Release|Any CPU.ActiveCfg = Release|Any CPU
		{8A799620-73EA-4A44-B1E8-0D895C5A4065}.Release|Any CPU.Build.0 = Release|Any CPU
		{8A799620-73EA-4A44-B1E8-0D895C5A4065}.Release|Mixed Platforms.ActiveCfg = Release|Any CPU
		{8A799620-73EA-4A44-B1E8-0D895C5A4065}.Release|Mixed Platforms.Build.0 = Release|Any CPU
		{C28C262C-4D3A-42F0-B7C0-237A4B723537}.Debug|.NET.ActiveCfg = Debug|Any CPU
		{C28C262C-4D3A-42F0-B7C0-237A4B723537}.Debug|Any CPU.ActiveCfg = Debug|Any CPU
		{C28C262C-4D3A-42F0-B7C0-237A4B723537}.Debug|Any CPU.Build.0 = Debug|Any CPU
		{C28C262C-4D3A-42F0-B7C0-237A4B723537}.Debug|Mixed Platforms.ActiveCfg = Debug|Any CPU
		{C28C262C-4D3A-42F0-B7C0-237A4B723537}.Debug|Mixed Platforms.Build.0 = Debug|Any CPU
		{C28C262C-4D3A-42F0-B7C0-237A4B723537}.Release|.NET.ActiveCfg = Release|Any CPU
		{C28C262C-4D3A-42F0-B7C0-237A4B723537}.Release|Any CPU.ActiveCfg = Release|Any CPU
		{C28C262C-4D3A-42F0-B7C0-237A4B723537}.Release|Any CPU.Build.0 = Release|Any CPU
		{C28C262C-4D3A-42F0-B7C0-237A4B723537}.Release|Mixed Platforms.ActiveCfg = Release|Any CPU
		{C28C262C-4D3A-42F0-B7C0-237A4B723537}.Release|Mixed Platforms.Build.0 = Release|Any CPU
		{BDFD098E-F081-4272-A08E-2ECEF74BB170}.Debug|.NET.ActiveCfg = Debug|Any CPU
		{BDFD098E-F081-4272-A08E-2ECEF74BB170}.Debug|Any CPU.ActiveCfg = Debug|Any CPU
		{BDFD098E-F081-4272-A08E-2ECEF74BB170}.Debug|Any CPU.Build.0 = Debug|Any CPU
		{BDFD098E-F081-4272-A08E-2ECEF74BB170}.Debug|Mixed Platforms.ActiveCfg = Debug|Any CPU
		{BDFD098E-F081-4272-A08E-2ECEF74BB170}.Debug|Mixed Platforms.Build.0 = Debug|Any CPU
		{BDFD098E-F081-4272-A08E-2ECEF74BB170}.Release|.NET.ActiveCfg = Release|Any CPU
		{BDFD098E-F081-4272-A08E-2ECEF74BB170}.Release|Any CPU.ActiveCfg = Release|Any CPU
		{BDFD098E-F081-4272-A08E-2ECEF74BB170}.Release|Any CPU.Build.0 = Release|Any CPU
		{BDFD098E-F081-4272-A08E-2ECEF74BB170}.Release|Mixed Platforms.ActiveCfg = Release|Any CPU
		{BDFD098E-F081-4272-A08E-2ECEF74BB170}.Release|Mixed Platforms.Build.0 = Release|Any CPU
		{4C1EE594-D9F2-49A2-AAB8-D5BD36C48B0A}.Debug|.NET.ActiveCfg = Debug|Any CPU
		{4C1EE594-D9F2-49A2-AAB8-D5BD36C48B0A}.Debug|Any CPU.ActiveCfg = Debug|Any CPU
		{4C1EE594-D9F2-49A2-AAB8-D5BD36C48B0A}.Debug|Any CPU.Build.0 = Debug|Any CPU
		{4C1EE594-D9F2-49A2-AAB8-D5BD36C48B0A}.Debug|Mixed Platforms.ActiveCfg = Debug|Any CPU
		{4C1EE594-D9F2-49A2-AAB8-D5BD36C48B0A}.Debug|Mixed Platforms.Build.0 = Debug|Any CPU
		{4C1EE594-D9F2-49A2-AAB8-D5BD36C48B0A}.Release|.NET.ActiveCfg = Release|Any CPU
		{4C1EE594-D9F2-49A2-AAB8-D5BD36C48B0A}.Release|Any CPU.ActiveCfg = Release|Any CPU
		{4C1EE594-D9F2-49A2-AAB8-D5BD36C48B0A}.Release|Any CPU.Build.0 = Release|Any CPU
		{4C1EE594-D9F2-49A2-AAB8-D5BD36C48B0A}.Release|Mixed Platforms.ActiveCfg = Release|Any CPU
		{4C1EE594-D9F2-49A2-AAB8-D5BD36C48B0A}.Release|Mixed Platforms.Build.0 = Release|Any CPU
		{E5B35E60-8F2B-416C-B08D-126604B17F00}.Debug|.NET.ActiveCfg = Debug|Any CPU
		{E5B35E60-8F2B-416C-B08D-126604B17F00}.Debug|Any CPU.ActiveCfg = Debug|Any CPU
		{E5B35E60-8F2B-416C-B08D-126604B17F00}.Debug|Any CPU.Build.0 = Debug|Any CPU
		{E5B35E60-8F2B-416C-B08D-126604B17F00}.Debug|Mixed Platforms.ActiveCfg = Debug|Any CPU
		{E5B35E60-8F2B-416C-B08D-126604B17F00}.Debug|Mixed Platforms.Build.0 = Debug|Any CPU
		{E5B35E60-8F2B-416C-B08D-126604B17F00}.Release|.NET.ActiveCfg = Release|Any CPU
		{E5B35E60-8F2B-416C-B08D-126604B17F00}.Release|Any CPU.ActiveCfg = Release|Any CPU
		{E5B35E60-8F2B-416C-B08D-126604B17F00}.Release|Any CPU.Build.0 = Release|Any CPU
		{E5B35E60-8F2B-416C-B08D-126604B17F00}.Release|Mixed Platforms.ActiveCfg = Release|Any CPU
		{E5B35E60-8F2B-416C-B08D-126604B17F00}.Release|Mixed Platforms.Build.0 = Release|Any CPU
		{EF452410-E472-4983-84A3-125B719F15BA}.Debug|.NET.ActiveCfg = Debug|Any CPU
		{EF452410-E472-4983-84A3-125B719F15BA}.Debug|Any CPU.ActiveCfg = Debug|Any CPU
		{EF452410-E472-4983-84A3-125B719F15BA}.Debug|Any CPU.Build.0 = Debug|Any CPU
		{EF452410-E472-4983-84A3-125B719F15BA}.Debug|Mixed Platforms.ActiveCfg = Debug|Any CPU
		{EF452410-E472-4983-84A3-125B719F15BA}.Debug|Mixed Platforms.Build.0 = Debug|Any CPU
		{EF452410-E472-4983-84A3-125B719F15BA}.Release|.NET.ActiveCfg = Release|Any CPU
		{EF452410-E472-4983-84A3-125B719F15BA}.Release|Any CPU.ActiveCfg = Release|Any CPU
		{EF452410-E472-4983-84A3-125B719F15BA}.Release|Any CPU.Build.0 = Release|Any CPU
		{EF452410-E472-4983-84A3-125B719F15BA}.Release|Mixed Platforms.ActiveCfg = Release|Any CPU
		{EF452410-E472-4983-84A3-125B719F15BA}.Release|Mixed Platforms.Build.0 = Release|Any CPU
		{117F1E28-FF2D-4BCA-8F1A-F82C2B3E6F08}.Debug|.NET.ActiveCfg = Debug|Any CPU
		{117F1E28-FF2D-4BCA-8F1A-F82C2B3E6F08}.Debug|Any CPU.ActiveCfg = Debug|Any CPU
		{117F1E28-FF2D-4BCA-8F1A-F82C2B3E6F08}.Debug|Any CPU.Build.0 = Debug|Any CPU
		{117F1E28-FF2D-4BCA-8F1A-F82C2B3E6F08}.Debug|Mixed Platforms.ActiveCfg = Debug|Any CPU
		{117F1E28-FF2D-4BCA-8F1A-F82C2B3E6F08}.Debug|Mixed Platforms.Build.0 = Debug|Any CPU
		{117F1E28-FF2D-4BCA-8F1A-F82C2B3E6F08}.Release|.NET.ActiveCfg = Release|Any CPU
		{117F1E28-FF2D-4BCA-8F1A-F82C2B3E6F08}.Release|Any CPU.ActiveCfg = Release|Any CPU
		{117F1E28-FF2D-4BCA-8F1A-F82C2B3E6F08}.Release|Any CPU.Build.0 = Release|Any CPU
		{117F1E28-FF2D-4BCA-8F1A-F82C2B3E6F08}.Release|Mixed Platforms.ActiveCfg = Release|Any CPU
		{117F1E28-FF2D-4BCA-8F1A-F82C2B3E6F08}.Release|Mixed Platforms.Build.0 = Release|Any CPU
		{0AEA68D2-6B79-4824-AD6C-388E4EA17645}.Debug|.NET.ActiveCfg = Debug|Any CPU
		{0AEA68D2-6B79-4824-AD6C-388E4EA17645}.Debug|Any CPU.ActiveCfg = Debug|Any CPU
		{0AEA68D2-6B79-4824-AD6C-388E4EA17645}.Debug|Any CPU.Build.0 = Debug|Any CPU
		{0AEA68D2-6B79-4824-AD6C-388E4EA17645}.Debug|Mixed Platforms.ActiveCfg = Debug|Any CPU
		{0AEA68D2-6B79-4824-AD6C-388E4EA17645}.Debug|Mixed Platforms.Build.0 = Debug|Any CPU
		{0AEA68D2-6B79-4824-AD6C-388E4EA17645}.Release|.NET.ActiveCfg = Release|Any CPU
		{0AEA68D2-6B79-4824-AD6C-388E4EA17645}.Release|Any CPU.ActiveCfg = Release|Any CPU
		{0AEA68D2-6B79-4824-AD6C-388E4EA17645}.Release|Any CPU.Build.0 = Release|Any CPU
		{0AEA68D2-6B79-4824-AD6C-388E4EA17645}.Release|Mixed Platforms.ActiveCfg = Release|Any CPU
		{0AEA68D2-6B79-4824-AD6C-388E4EA17645}.Release|Mixed Platforms.Build.0 = Release|Any CPU
	EndGlobalSection
	GlobalSection(SolutionProperties) = preSolution
		HideSolutionNode = FALSE
	EndGlobalSection
EndGlobal
