
Microsoft Visual Studio Solution File, Format Version 10.00
# Visual Studio 2008
Project("{E24C65DC-7377-472B-9ABA-BC803B73C61A}") = "Diamond", ".", "{84739199-7DB8-4FE6-B215-99D00CE2C223}"
	ProjectSection(WebsiteProperties) = preProject
		SccProjectName = "Svn"
		SccAuxPath = "Svn"
		SccLocalPath = "Svn"
		SccProvider = "SubversionScc"
		TargetFramework = "3.5"
		Debug.AspNetCompiler.VirtualPath = "/ProductManage"
		Debug.AspNetCompiler.PhysicalPath = "..\Diamond\"
		Debug.AspNetCompiler.TargetPath = "PrecompiledWeb\ProductManage\"
		Debug.AspNetCompiler.Updateable = "true"
		Debug.AspNetCompiler.ForceOverwrite = "true"
		Debug.AspNetCompiler.FixedNames = "false"
		Debug.AspNetCompiler.Debug = "True"
		Release.AspNetCompiler.VirtualPath = "/ProductManage"
		Release.AspNetCompiler.PhysicalPath = "..\Diamond\"
		Release.AspNetCompiler.TargetPath = "PrecompiledWeb\ProductManage\"
		Release.AspNetCompiler.Updateable = "true"
		Release.AspNetCompiler.ForceOverwrite = "true"
		Release.AspNetCompiler.FixedNames = "false"
		Release.AspNetCompiler.Debug = "False"
		VWDPort = "57800"
	EndProjectSection
EndProject
Global
	GlobalSection(SubversionScc) = preSolution
		Svn-Managed = True
		Manager = AnkhSVN - Subversion Support for Visual Studio
	EndGlobalSection
	GlobalSection(SolutionConfigurationPlatforms) = preSolution
		Debug|.NET = Debug|.NET
	EndGlobalSection
	GlobalSection(ProjectConfigurationPlatforms) = postSolution
		{84739199-7DB8-4FE6-B215-99D00CE2C223}.Debug|.NET.ActiveCfg = Debug|.NET
		{84739199-7DB8-4FE6-B215-99D00CE2C223}.Debug|.NET.Build.0 = Debug|.NET
	EndGlobalSection
	GlobalSection(SolutionProperties) = preSolution
		HideSolutionNode = FALSE
	EndGlobalSection
EndGlobal
