
Microsoft Visual Studio Solution File, Format Version 10.00
# Visual Studio 2008
Project("{E24C65DC-7377-472B-9ABA-BC803B73C61A}") = "DrvHelperSystem", ".", "{41FB5A1C-F8DE-4666-B11D-8CC61FB1DC72}"
	ProjectSection(WebsiteProperties) = preProject
		TargetFramework = "2.0"
		ProjectReferences = "{BD4D9CFE-3A5A-4D11-A601-A7F161FC266A}|FT.Commons.dll;{724B721F-93F8-4D8A-AB77-0A8B95A27DC8}|FT.Web.dll;{28F66C9B-578D-409B-9314-02E213917C04}|FT.DAL.dll;{69E3B3C5-5CD5-4DBA-9981-9B36572CF21E}|FT.WebServiceInterface.dll;"
		Debug.AspNetCompiler.VirtualPath = "/DrvHelperSystem"
		Debug.AspNetCompiler.PhysicalPath = "..\DrvHelperSystem\"
		Debug.AspNetCompiler.TargetPath = "PrecompiledWeb\DrvHelperSystem\"
		Debug.AspNetCompiler.Updateable = "true"
		Debug.AspNetCompiler.ForceOverwrite = "true"
		Debug.AspNetCompiler.FixedNames = "false"
		Debug.AspNetCompiler.Debug = "True"
		Release.AspNetCompiler.VirtualPath = "/DrvHelperSystem"
		Release.AspNetCompiler.PhysicalPath = "..\DrvHelperSystem\"
		Release.AspNetCompiler.TargetPath = "PrecompiledWeb\DrvHelperSystem\"
		Release.AspNetCompiler.Updateable = "true"
		Release.AspNetCompiler.ForceOverwrite = "true"
		Release.AspNetCompiler.FixedNames = "false"
		Release.AspNetCompiler.Debug = "False"
		VWDPort = "1923"
	EndProjectSection
EndProject
Project("{FAE04EC0-301F-11D3-BF4B-00C04F79EFBC}") = "FT.Commons", "..\FT.Commons\FT.Commons.csproj", "{BD4D9CFE-3A5A-4D11-A601-A7F161FC266A}"
EndProject
Project("{FAE04EC0-301F-11D3-BF4B-00C04F79EFBC}") = "FT.DAL", "..\FT.DAL\FT.DAL.csproj", "{28F66C9B-578D-409B-9314-02E213917C04}"
EndProject
Project("{FAE04EC0-301F-11D3-BF4B-00C04F79EFBC}") = "FT.Web", "..\FT.Web\FT.Web.csproj", "{724B721F-93F8-4D8A-AB77-0A8B95A27DC8}"
EndProject
Project("{FAE04EC0-301F-11D3-BF4B-00C04F79EFBC}") = "FT.WebServiceInterface", "..\FT.WebServiceInterface\FT.WebServiceInterface.csproj", "{69E3B3C5-5CD5-4DBA-9981-9B36572CF21E}"
EndProject
Project("{2CFEAB61-6A3B-4EB8-B523-560B4BEEF521}") = "DrvHelperSystem_deploy1", "C:\Documents and Settings\hxdz\My Documents\Visual Studio 2008\Projects\DrvHelperSystem_deploy1\DrvHelperSystem_deploy1.wdproj", "{1AC8BB70-F367-43B6-A0F3-507289C811D2}"
EndProject
Project("{2CFEAB61-6A3B-4EB8-B523-560B4BEEF521}") = "DrvHelperSystem_deploy3", "C:\Documents and Settings\hxdz\My Documents\Visual Studio 2008\Projects\DrvHelperSystem_deploy3\DrvHelperSystem_deploy3.wdproj", "{7E6282BA-ADC4-437C-99F4-225AA9F41D38}"
EndProject
Global
	GlobalSection(SolutionConfigurationPlatforms) = preSolution
		Debug|Any CPU = Debug|Any CPU
		Debug|Mixed Platforms = Debug|Mixed Platforms
		Release|Any CPU = Release|Any CPU
		Release|Mixed Platforms = Release|Mixed Platforms
	EndGlobalSection
	GlobalSection(ProjectConfigurationPlatforms) = postSolution
		{41FB5A1C-F8DE-4666-B11D-8CC61FB1DC72}.Debug|Any CPU.ActiveCfg = Debug|Any CPU
		{41FB5A1C-F8DE-4666-B11D-8CC61FB1DC72}.Debug|Any CPU.Build.0 = Debug|Any CPU
		{41FB5A1C-F8DE-4666-B11D-8CC61FB1DC72}.Debug|Mixed Platforms.ActiveCfg = Debug|Any CPU
		{41FB5A1C-F8DE-4666-B11D-8CC61FB1DC72}.Debug|Mixed Platforms.Build.0 = Debug|Any CPU
		{41FB5A1C-F8DE-4666-B11D-8CC61FB1DC72}.Release|Any CPU.ActiveCfg = Debug|Any CPU
		{41FB5A1C-F8DE-4666-B11D-8CC61FB1DC72}.Release|Any CPU.Build.0 = Debug|Any CPU
		{41FB5A1C-F8DE-4666-B11D-8CC61FB1DC72}.Release|Mixed Platforms.ActiveCfg = Debug|Any CPU
		{41FB5A1C-F8DE-4666-B11D-8CC61FB1DC72}.Release|Mixed Platforms.Build.0 = Debug|Any CPU
		{BD4D9CFE-3A5A-4D11-A601-A7F161FC266A}.Debug|Any CPU.ActiveCfg = Debug|Any CPU
		{BD4D9CFE-3A5A-4D11-A601-A7F161FC266A}.Debug|Any CPU.Build.0 = Debug|Any CPU
		{BD4D9CFE-3A5A-4D11-A601-A7F161FC266A}.Debug|Mixed Platforms.ActiveCfg = Debug|Any CPU
		{BD4D9CFE-3A5A-4D11-A601-A7F161FC266A}.Debug|Mixed Platforms.Build.0 = Debug|Any CPU
		{BD4D9CFE-3A5A-4D11-A601-A7F161FC266A}.Release|Any CPU.ActiveCfg = Release|Any CPU
		{BD4D9CFE-3A5A-4D11-A601-A7F161FC266A}.Release|Any CPU.Build.0 = Release|Any CPU
		{BD4D9CFE-3A5A-4D11-A601-A7F161FC266A}.Release|Mixed Platforms.ActiveCfg = Release|Any CPU
		{BD4D9CFE-3A5A-4D11-A601-A7F161FC266A}.Release|Mixed Platforms.Build.0 = Release|Any CPU
		{28F66C9B-578D-409B-9314-02E213917C04}.Debug|Any CPU.ActiveCfg = Debug|Any CPU
		{28F66C9B-578D-409B-9314-02E213917C04}.Debug|Any CPU.Build.0 = Debug|Any CPU
		{28F66C9B-578D-409B-9314-02E213917C04}.Debug|Mixed Platforms.ActiveCfg = Debug|Any CPU
		{28F66C9B-578D-409B-9314-02E213917C04}.Debug|Mixed Platforms.Build.0 = Debug|Any CPU
		{28F66C9B-578D-409B-9314-02E213917C04}.Release|Any CPU.ActiveCfg = Release|Any CPU
		{28F66C9B-578D-409B-9314-02E213917C04}.Release|Any CPU.Build.0 = Release|Any CPU
		{28F66C9B-578D-409B-9314-02E213917C04}.Release|Mixed Platforms.ActiveCfg = Release|Any CPU
		{28F66C9B-578D-409B-9314-02E213917C04}.Release|Mixed Platforms.Build.0 = Release|Any CPU
		{724B721F-93F8-4D8A-AB77-0A8B95A27DC8}.Debug|Any CPU.ActiveCfg = Debug|Any CPU
		{724B721F-93F8-4D8A-AB77-0A8B95A27DC8}.Debug|Any CPU.Build.0 = Debug|Any CPU
		{724B721F-93F8-4D8A-AB77-0A8B95A27DC8}.Debug|Mixed Platforms.ActiveCfg = Debug|Any CPU
		{724B721F-93F8-4D8A-AB77-0A8B95A27DC8}.Debug|Mixed Platforms.Build.0 = Debug|Any CPU
		{724B721F-93F8-4D8A-AB77-0A8B95A27DC8}.Release|Any CPU.ActiveCfg = Release|Any CPU
		{724B721F-93F8-4D8A-AB77-0A8B95A27DC8}.Release|Any CPU.Build.0 = Release|Any CPU
		{724B721F-93F8-4D8A-AB77-0A8B95A27DC8}.Release|Mixed Platforms.ActiveCfg = Release|Any CPU
		{724B721F-93F8-4D8A-AB77-0A8B95A27DC8}.Release|Mixed Platforms.Build.0 = Release|Any CPU
		{69E3B3C5-5CD5-4DBA-9981-9B36572CF21E}.Debug|Any CPU.ActiveCfg = Debug|Any CPU
		{69E3B3C5-5CD5-4DBA-9981-9B36572CF21E}.Debug|Any CPU.Build.0 = Debug|Any CPU
		{69E3B3C5-5CD5-4DBA-9981-9B36572CF21E}.Debug|Mixed Platforms.ActiveCfg = Debug|Any CPU
		{69E3B3C5-5CD5-4DBA-9981-9B36572CF21E}.Debug|Mixed Platforms.Build.0 = Debug|Any CPU
		{69E3B3C5-5CD5-4DBA-9981-9B36572CF21E}.Release|Any CPU.ActiveCfg = Release|Any CPU
		{69E3B3C5-5CD5-4DBA-9981-9B36572CF21E}.Release|Any CPU.Build.0 = Release|Any CPU
		{69E3B3C5-5CD5-4DBA-9981-9B36572CF21E}.Release|Mixed Platforms.ActiveCfg = Release|Any CPU
		{69E3B3C5-5CD5-4DBA-9981-9B36572CF21E}.Release|Mixed Platforms.Build.0 = Release|Any CPU
		{1AC8BB70-F367-43B6-A0F3-507289C811D2}.Debug|Any CPU.ActiveCfg = Debug|Any CPU
		{1AC8BB70-F367-43B6-A0F3-507289C811D2}.Debug|Any CPU.Build.0 = Debug|Any CPU
		{1AC8BB70-F367-43B6-A0F3-507289C811D2}.Debug|Mixed Platforms.ActiveCfg = Debug|Any CPU
		{1AC8BB70-F367-43B6-A0F3-507289C811D2}.Debug|Mixed Platforms.Build.0 = Debug|Any CPU
		{1AC8BB70-F367-43B6-A0F3-507289C811D2}.Release|Any CPU.ActiveCfg = Release|Any CPU
		{1AC8BB70-F367-43B6-A0F3-507289C811D2}.Release|Any CPU.Build.0 = Release|Any CPU
		{1AC8BB70-F367-43B6-A0F3-507289C811D2}.Release|Mixed Platforms.ActiveCfg = Release|Any CPU
		{1AC8BB70-F367-43B6-A0F3-507289C811D2}.Release|Mixed Platforms.Build.0 = Release|Any CPU
		{7E6282BA-ADC4-437C-99F4-225AA9F41D38}.Debug|Any CPU.ActiveCfg = Debug|Any CPU
		{7E6282BA-ADC4-437C-99F4-225AA9F41D38}.Debug|Any CPU.Build.0 = Debug|Any CPU
		{7E6282BA-ADC4-437C-99F4-225AA9F41D38}.Debug|Mixed Platforms.ActiveCfg = Debug|Any CPU
		{7E6282BA-ADC4-437C-99F4-225AA9F41D38}.Debug|Mixed Platforms.Build.0 = Debug|Any CPU
		{7E6282BA-ADC4-437C-99F4-225AA9F41D38}.Release|Any CPU.ActiveCfg = Release|Any CPU
		{7E6282BA-ADC4-437C-99F4-225AA9F41D38}.Release|Any CPU.Build.0 = Release|Any CPU
		{7E6282BA-ADC4-437C-99F4-225AA9F41D38}.Release|Mixed Platforms.ActiveCfg = Release|Any CPU
		{7E6282BA-ADC4-437C-99F4-225AA9F41D38}.Release|Mixed Platforms.Build.0 = Release|Any CPU
	EndGlobalSection
	GlobalSection(SolutionProperties) = preSolution
		HideSolutionNode = FALSE
	EndGlobalSection
EndGlobal
