
Microsoft Visual Studio Solution File, Format Version 10.00
# Visual Studio 2008
Project("{8BC9CEB8-8B4A-11D0-8D11-00A0C91BC942}") = "VoiceActiveX", "VoiceActiveX\VoiceActiveX.vcproj", "{3558595F-E2E6-4CF4-AD2D-80C0EFA29C8C}"
EndProject
Project("{8BC9CEB8-8B4A-11D0-8D11-00A0C91BC942}") = "ETTSelfPrinterActiveX", "ETTSelfPrinterActiveX\ETTSelfPrinterActiveX.vcproj", "{36A54CA4-C689-4CB0-94DC-F2C90BA18758}"
EndProject
Project("{8BC9CEB8-8B4A-11D0-8D11-00A0C91BC942}") = "ETTSelfIDCardActiveX", "ETTSelfIDCardActiveX\ETTSelfIDCardActiveX.vcproj", "{04DB0B9F-CF69-4D2B-AFE0-942AF62F4BD2}"
EndProject
Project("{8BC9CEB8-8B4A-11D0-8D11-00A0C91BC942}") = "ETTSelfUSBVideoActiveX", "ETTSelfUSBVideoActiveX\ETTSelfUSBVideoActiveX.vcproj", "{6ABF6675-D2C6-4F16-932A-6BC7B2920BDA}"
EndProject
Project("{54435603-DBB4-11D2-8724-00A0C9A8B90C}") = "ETTSelfActiveXCab", "ETTSelfActiveXCab\ETTSelfActiveXCab.vdproj", "{0AE3465D-DBE9-4E9B-8C96-E62139A9146E}"
EndProject
Project("{B900F1C2-3D47-4FEC-85B3-04AAF18C3634}") = "SmartDeviceCab1", "SmartDeviceCab1\SmartDeviceCab1.vddproj", "{41148A99-3F17-4F56-A408-D318453F3CFC}"
EndProject
Project("{8BC9CEB8-8B4A-11D0-8D11-00A0C91BC942}") = "ETTSelfHotPrinterActiveX", "ETTSelfHotPrinterActiveX\ETTSelfHotPrinterActiveX.vcproj", "{3415557C-E2A5-4E18-9BBE-693CC001E4D1}"
EndProject
Project("{FAE04EC0-301F-11D3-BF4B-00C04F79EFBC}") = "WindowsFormsApplication1", "WindowsFormsApplication1\WindowsFormsApplication1.csproj", "{1EFD0623-DBAC-441F-850F-492BFD581120}"
EndProject
Project("{8BC9CEB8-8B4A-11D0-8D11-00A0C91BC942}") = "ETTCashCodeActiveX", "ETTCashCodeActiveX\ETTCashCodeActiveX.vcproj", "{64E57E89-9051-4A95-A5F7-7EF007488307}"
EndProject
Project("{8BC9CEB8-8B4A-11D0-8D11-00A0C91BC942}") = "ETTTTReaderActiveX", "ETTTTReaderActiveX\ETTTTReaderActiveX.vcproj", "{E4471408-A632-4B91-9C26-2AB804F4A55A}"
EndProject
Project("{8BC9CEB8-8B4A-11D0-8D11-00A0C91BC942}") = "ETTZT598ActiveX", "ETTZT598ActiveX\ETTZT598ActiveX.vcproj", "{3EAC3B91-F158-4A8D-A462-BB88218994C8}"
EndProject
Project("{8BC9CEB8-8B4A-11D0-8D11-00A0C91BC942}") = "ETTA8IDCardActiveX", "ETTA8IDCardActiveX\ETTA8IDCardActiveX.vcproj", "{29A85088-60B9-4288-91B9-93B5DCEE5828}"
EndProject
Global
	GlobalSection(SolutionConfigurationPlatforms) = preSolution
		Debug|Any CPU = Debug|Any CPU
		Debug|Mixed Platforms = Debug|Mixed Platforms
		Debug|Win32 = Debug|Win32
		Release|Any CPU = Release|Any CPU
		Release|Mixed Platforms = Release|Mixed Platforms
		Release|Win32 = Release|Win32
	EndGlobalSection
	GlobalSection(ProjectConfigurationPlatforms) = postSolution
		{3558595F-E2E6-4CF4-AD2D-80C0EFA29C8C}.Debug|Any CPU.ActiveCfg = Debug|Win32
		{3558595F-E2E6-4CF4-AD2D-80C0EFA29C8C}.Debug|Mixed Platforms.ActiveCfg = Debug|Win32
		{3558595F-E2E6-4CF4-AD2D-80C0EFA29C8C}.Debug|Mixed Platforms.Build.0 = Debug|Win32
		{3558595F-E2E6-4CF4-AD2D-80C0EFA29C8C}.Debug|Win32.ActiveCfg = Debug|Win32
		{3558595F-E2E6-4CF4-AD2D-80C0EFA29C8C}.Debug|Win32.Build.0 = Debug|Win32
		{3558595F-E2E6-4CF4-AD2D-80C0EFA29C8C}.Release|Any CPU.ActiveCfg = Release|Win32
		{3558595F-E2E6-4CF4-AD2D-80C0EFA29C8C}.Release|Mixed Platforms.ActiveCfg = Release|Win32
		{3558595F-E2E6-4CF4-AD2D-80C0EFA29C8C}.Release|Mixed Platforms.Build.0 = Release|Win32
		{3558595F-E2E6-4CF4-AD2D-80C0EFA29C8C}.Release|Win32.ActiveCfg = Release|Win32
		{3558595F-E2E6-4CF4-AD2D-80C0EFA29C8C}.Release|Win32.Build.0 = Release|Win32
		{36A54CA4-C689-4CB0-94DC-F2C90BA18758}.Debug|Any CPU.ActiveCfg = Debug|Win32
		{36A54CA4-C689-4CB0-94DC-F2C90BA18758}.Debug|Mixed Platforms.ActiveCfg = Debug|Win32
		{36A54CA4-C689-4CB0-94DC-F2C90BA18758}.Debug|Mixed Platforms.Build.0 = Debug|Win32
		{36A54CA4-C689-4CB0-94DC-F2C90BA18758}.Debug|Win32.ActiveCfg = Debug|Win32
		{36A54CA4-C689-4CB0-94DC-F2C90BA18758}.Debug|Win32.Build.0 = Debug|Win32
		{36A54CA4-C689-4CB0-94DC-F2C90BA18758}.Release|Any CPU.ActiveCfg = Release|Win32
		{36A54CA4-C689-4CB0-94DC-F2C90BA18758}.Release|Mixed Platforms.ActiveCfg = Release|Win32
		{36A54CA4-C689-4CB0-94DC-F2C90BA18758}.Release|Mixed Platforms.Build.0 = Release|Win32
		{36A54CA4-C689-4CB0-94DC-F2C90BA18758}.Release|Win32.ActiveCfg = Release|Win32
		{36A54CA4-C689-4CB0-94DC-F2C90BA18758}.Release|Win32.Build.0 = Release|Win32
		{04DB0B9F-CF69-4D2B-AFE0-942AF62F4BD2}.Debug|Any CPU.ActiveCfg = Debug|Win32
		{04DB0B9F-CF69-4D2B-AFE0-942AF62F4BD2}.Debug|Mixed Platforms.ActiveCfg = Debug|Win32
		{04DB0B9F-CF69-4D2B-AFE0-942AF62F4BD2}.Debug|Mixed Platforms.Build.0 = Debug|Win32
		{04DB0B9F-CF69-4D2B-AFE0-942AF62F4BD2}.Debug|Win32.ActiveCfg = Debug|Win32
		{04DB0B9F-CF69-4D2B-AFE0-942AF62F4BD2}.Debug|Win32.Build.0 = Debug|Win32
		{04DB0B9F-CF69-4D2B-AFE0-942AF62F4BD2}.Release|Any CPU.ActiveCfg = Release|Win32
		{04DB0B9F-CF69-4D2B-AFE0-942AF62F4BD2}.Release|Mixed Platforms.ActiveCfg = Release|Win32
		{04DB0B9F-CF69-4D2B-AFE0-942AF62F4BD2}.Release|Mixed Platforms.Build.0 = Release|Win32
		{04DB0B9F-CF69-4D2B-AFE0-942AF62F4BD2}.Release|Win32.ActiveCfg = Release|Win32
		{04DB0B9F-CF69-4D2B-AFE0-942AF62F4BD2}.Release|Win32.Build.0 = Release|Win32
		{6ABF6675-D2C6-4F16-932A-6BC7B2920BDA}.Debug|Any CPU.ActiveCfg = Debug|Win32
		{6ABF6675-D2C6-4F16-932A-6BC7B2920BDA}.Debug|Mixed Platforms.ActiveCfg = Debug|Win32
		{6ABF6675-D2C6-4F16-932A-6BC7B2920BDA}.Debug|Mixed Platforms.Build.0 = Debug|Win32
		{6ABF6675-D2C6-4F16-932A-6BC7B2920BDA}.Debug|Win32.ActiveCfg = Debug|Win32
		{6ABF6675-D2C6-4F16-932A-6BC7B2920BDA}.Debug|Win32.Build.0 = Debug|Win32
		{6ABF6675-D2C6-4F16-932A-6BC7B2920BDA}.Release|Any CPU.ActiveCfg = Release|Win32
		{6ABF6675-D2C6-4F16-932A-6BC7B2920BDA}.Release|Mixed Platforms.ActiveCfg = Release|Win32
		{6ABF6675-D2C6-4F16-932A-6BC7B2920BDA}.Release|Mixed Platforms.Build.0 = Release|Win32
		{6ABF6675-D2C6-4F16-932A-6BC7B2920BDA}.Release|Win32.ActiveCfg = Release|Win32
		{6ABF6675-D2C6-4F16-932A-6BC7B2920BDA}.Release|Win32.Build.0 = Release|Win32
		{0AE3465D-DBE9-4E9B-8C96-E62139A9146E}.Debug|Any CPU.ActiveCfg = Debug
		{0AE3465D-DBE9-4E9B-8C96-E62139A9146E}.Debug|Any CPU.Build.0 = Debug
		{0AE3465D-DBE9-4E9B-8C96-E62139A9146E}.Debug|Mixed Platforms.ActiveCfg = Debug
		{0AE3465D-DBE9-4E9B-8C96-E62139A9146E}.Debug|Mixed Platforms.Build.0 = Debug
		{0AE3465D-DBE9-4E9B-8C96-E62139A9146E}.Debug|Win32.ActiveCfg = Debug
		{0AE3465D-DBE9-4E9B-8C96-E62139A9146E}.Debug|Win32.Build.0 = Debug
		{0AE3465D-DBE9-4E9B-8C96-E62139A9146E}.Release|Any CPU.ActiveCfg = Release
		{0AE3465D-DBE9-4E9B-8C96-E62139A9146E}.Release|Any CPU.Build.0 = Release
		{0AE3465D-DBE9-4E9B-8C96-E62139A9146E}.Release|Mixed Platforms.ActiveCfg = Release
		{0AE3465D-DBE9-4E9B-8C96-E62139A9146E}.Release|Mixed Platforms.Build.0 = Release
		{0AE3465D-DBE9-4E9B-8C96-E62139A9146E}.Release|Win32.ActiveCfg = Release
		{0AE3465D-DBE9-4E9B-8C96-E62139A9146E}.Release|Win32.Build.0 = Release
		{41148A99-3F17-4F56-A408-D318453F3CFC}.Debug|Any CPU.ActiveCfg = Debug
		{41148A99-3F17-4F56-A408-D318453F3CFC}.Debug|Any CPU.Build.0 = Debug
		{41148A99-3F17-4F56-A408-D318453F3CFC}.Debug|Mixed Platforms.ActiveCfg = Debug
		{41148A99-3F17-4F56-A408-D318453F3CFC}.Debug|Mixed Platforms.Build.0 = Debug
		{41148A99-3F17-4F56-A408-D318453F3CFC}.Debug|Win32.ActiveCfg = Debug
		{41148A99-3F17-4F56-A408-D318453F3CFC}.Release|Any CPU.ActiveCfg = Release
		{41148A99-3F17-4F56-A408-D318453F3CFC}.Release|Any CPU.Build.0 = Release
		{41148A99-3F17-4F56-A408-D318453F3CFC}.Release|Mixed Platforms.ActiveCfg = Release
		{41148A99-3F17-4F56-A408-D318453F3CFC}.Release|Mixed Platforms.Build.0 = Release
		{41148A99-3F17-4F56-A408-D318453F3CFC}.Release|Win32.ActiveCfg = Release
		{3415557C-E2A5-4E18-9BBE-693CC001E4D1}.Debug|Any CPU.ActiveCfg = Debug|Win32
		{3415557C-E2A5-4E18-9BBE-693CC001E4D1}.Debug|Mixed Platforms.ActiveCfg = Debug|Win32
		{3415557C-E2A5-4E18-9BBE-693CC001E4D1}.Debug|Mixed Platforms.Build.0 = Debug|Win32
		{3415557C-E2A5-4E18-9BBE-693CC001E4D1}.Debug|Win32.ActiveCfg = Debug|Win32
		{3415557C-E2A5-4E18-9BBE-693CC001E4D1}.Debug|Win32.Build.0 = Debug|Win32
		{3415557C-E2A5-4E18-9BBE-693CC001E4D1}.Release|Any CPU.ActiveCfg = Release|Win32
		{3415557C-E2A5-4E18-9BBE-693CC001E4D1}.Release|Mixed Platforms.ActiveCfg = Release|Win32
		{3415557C-E2A5-4E18-9BBE-693CC001E4D1}.Release|Mixed Platforms.Build.0 = Release|Win32
		{3415557C-E2A5-4E18-9BBE-693CC001E4D1}.Release|Win32.ActiveCfg = Release|Win32
		{3415557C-E2A5-4E18-9BBE-693CC001E4D1}.Release|Win32.Build.0 = Release|Win32
		{1EFD0623-DBAC-441F-850F-492BFD581120}.Debug|Any CPU.ActiveCfg = Debug|Any CPU
		{1EFD0623-DBAC-441F-850F-492BFD581120}.Debug|Any CPU.Build.0 = Debug|Any CPU
		{1EFD0623-DBAC-441F-850F-492BFD581120}.Debug|Mixed Platforms.ActiveCfg = Debug|Any CPU
		{1EFD0623-DBAC-441F-850F-492BFD581120}.Debug|Mixed Platforms.Build.0 = Debug|Any CPU
		{1EFD0623-DBAC-441F-850F-492BFD581120}.Debug|Win32.ActiveCfg = Debug|Any CPU
		{1EFD0623-DBAC-441F-850F-492BFD581120}.Release|Any CPU.ActiveCfg = Release|Any CPU
		{1EFD0623-DBAC-441F-850F-492BFD581120}.Release|Any CPU.Build.0 = Release|Any CPU
		{1EFD0623-DBAC-441F-850F-492BFD581120}.Release|Mixed Platforms.ActiveCfg = Release|Any CPU
		{1EFD0623-DBAC-441F-850F-492BFD581120}.Release|Mixed Platforms.Build.0 = Release|Any CPU
		{1EFD0623-DBAC-441F-850F-492BFD581120}.Release|Win32.ActiveCfg = Release|Any CPU
		{64E57E89-9051-4A95-A5F7-7EF007488307}.Debug|Any CPU.ActiveCfg = Debug|Win32
		{64E57E89-9051-4A95-A5F7-7EF007488307}.Debug|Mixed Platforms.ActiveCfg = Debug|Win32
		{64E57E89-9051-4A95-A5F7-7EF007488307}.Debug|Mixed Platforms.Build.0 = Debug|Win32
		{64E57E89-9051-4A95-A5F7-7EF007488307}.Debug|Win32.ActiveCfg = Debug|Win32
		{64E57E89-9051-4A95-A5F7-7EF007488307}.Debug|Win32.Build.0 = Debug|Win32
		{64E57E89-9051-4A95-A5F7-7EF007488307}.Release|Any CPU.ActiveCfg = Release|Win32
		{64E57E89-9051-4A95-A5F7-7EF007488307}.Release|Mixed Platforms.ActiveCfg = Release|Win32
		{64E57E89-9051-4A95-A5F7-7EF007488307}.Release|Mixed Platforms.Build.0 = Release|Win32
		{64E57E89-9051-4A95-A5F7-7EF007488307}.Release|Win32.ActiveCfg = Release|Win32
		{64E57E89-9051-4A95-A5F7-7EF007488307}.Release|Win32.Build.0 = Release|Win32
		{E4471408-A632-4B91-9C26-2AB804F4A55A}.Debug|Any CPU.ActiveCfg = Debug|Win32
		{E4471408-A632-4B91-9C26-2AB804F4A55A}.Debug|Mixed Platforms.ActiveCfg = Debug|Win32
		{E4471408-A632-4B91-9C26-2AB804F4A55A}.Debug|Mixed Platforms.Build.0 = Debug|Win32
		{E4471408-A632-4B91-9C26-2AB804F4A55A}.Debug|Win32.ActiveCfg = Debug|Win32
		{E4471408-A632-4B91-9C26-2AB804F4A55A}.Debug|Win32.Build.0 = Debug|Win32
		{E4471408-A632-4B91-9C26-2AB804F4A55A}.Release|Any CPU.ActiveCfg = Release|Win32
		{E4471408-A632-4B91-9C26-2AB804F4A55A}.Release|Mixed Platforms.ActiveCfg = Release|Win32
		{E4471408-A632-4B91-9C26-2AB804F4A55A}.Release|Mixed Platforms.Build.0 = Release|Win32
		{E4471408-A632-4B91-9C26-2AB804F4A55A}.Release|Win32.ActiveCfg = Release|Win32
		{E4471408-A632-4B91-9C26-2AB804F4A55A}.Release|Win32.Build.0 = Release|Win32
		{3EAC3B91-F158-4A8D-A462-BB88218994C8}.Debug|Any CPU.ActiveCfg = Debug|Win32
		{3EAC3B91-F158-4A8D-A462-BB88218994C8}.Debug|Mixed Platforms.ActiveCfg = Debug|Win32
		{3EAC3B91-F158-4A8D-A462-BB88218994C8}.Debug|Mixed Platforms.Build.0 = Debug|Win32
		{3EAC3B91-F158-4A8D-A462-BB88218994C8}.Debug|Win32.ActiveCfg = Debug|Win32
		{3EAC3B91-F158-4A8D-A462-BB88218994C8}.Debug|Win32.Build.0 = Debug|Win32
		{3EAC3B91-F158-4A8D-A462-BB88218994C8}.Release|Any CPU.ActiveCfg = Release|Win32
		{3EAC3B91-F158-4A8D-A462-BB88218994C8}.Release|Mixed Platforms.ActiveCfg = Release|Win32
		{3EAC3B91-F158-4A8D-A462-BB88218994C8}.Release|Mixed Platforms.Build.0 = Release|Win32
		{3EAC3B91-F158-4A8D-A462-BB88218994C8}.Release|Win32.ActiveCfg = Release|Win32
		{3EAC3B91-F158-4A8D-A462-BB88218994C8}.Release|Win32.Build.0 = Release|Win32
		{29A85088-60B9-4288-91B9-93B5DCEE5828}.Debug|Any CPU.ActiveCfg = Debug|Win32
		{29A85088-60B9-4288-91B9-93B5DCEE5828}.Debug|Mixed Platforms.ActiveCfg = Debug|Win32
		{29A85088-60B9-4288-91B9-93B5DCEE5828}.Debug|Mixed Platforms.Build.0 = Debug|Win32
		{29A85088-60B9-4288-91B9-93B5DCEE5828}.Debug|Win32.ActiveCfg = Debug|Win32
		{29A85088-60B9-4288-91B9-93B5DCEE5828}.Debug|Win32.Build.0 = Debug|Win32
		{29A85088-60B9-4288-91B9-93B5DCEE5828}.Release|Any CPU.ActiveCfg = Release|Win32
		{29A85088-60B9-4288-91B9-93B5DCEE5828}.Release|Mixed Platforms.ActiveCfg = Release|Win32
		{29A85088-60B9-4288-91B9-93B5DCEE5828}.Release|Mixed Platforms.Build.0 = Release|Win32
		{29A85088-60B9-4288-91B9-93B5DCEE5828}.Release|Win32.ActiveCfg = Release|Win32
		{29A85088-60B9-4288-91B9-93B5DCEE5828}.Release|Win32.Build.0 = Release|Win32
	EndGlobalSection
	GlobalSection(SolutionProperties) = preSolution
		HideSolutionNode = FALSE
	EndGlobalSection
EndGlobal
