
Microsoft Visual Studio Solution File, Format Version 10.00
# Visual Studio 2008
Project("{FAE04EC0-301F-11D3-BF4B-00C04F79EFBC}") = "FT.WebServiceInterface", "FT.WebServiceInterface.csproj", "{69E3B3C5-5CD5-4DBA-9981-9B36572CF21E}"
EndProject
Global
	GlobalSection(SolutionConfigurationPlatforms) = preSolution
		Debug|Any CPU = Debug|Any CPU
		Release|Any CPU = Release|Any CPU
	EndGlobalSection
	GlobalSection(ProjectConfigurationPlatforms) = postSolution
		{69E3B3C5-5CD5-4DBA-9981-9B36572CF21E}.Debug|Any CPU.ActiveCfg = Debug|Any CPU
		{69E3B3C5-5CD5-4DBA-9981-9B36572CF21E}.Debug|Any CPU.Build.0 = Debug|Any CPU
		{69E3B3C5-5CD5-4DBA-9981-9B36572CF21E}.Release|Any CPU.ActiveCfg = Release|Any CPU
		{69E3B3C5-5CD5-4DBA-9981-9B36572CF21E}.Release|Any CPU.Build.0 = Release|Any CPU
	EndGlobalSection
	GlobalSection(SolutionProperties) = preSolution
		HideSolutionNode = FALSE
	EndGlobalSection
EndGlobal
