
Microsoft Visual Studio Solution File, Format Version 9.00
# Visual Web Developer Express 2005
Project("{E24C65DC-7377-472B-9ABA-BC803B73C61A}") = "http://localhost/CSharpWeb2.0/", "http://localhost/CSharpWeb2.0", "{84BFB42F-5559-4EDB-916F-26D72E817BF4}"
	ProjectSection(WebsiteProperties) = preProject
		Debug.AspNetCompiler.VirtualPath = "/CSharpWeb"
		Debug.AspNetCompiler.PhysicalPath = "D:\CSharpWeb2.0\"
		Debug.AspNetCompiler.TargetPath = "PrecompiledWeb\CSharpWeb\"
		Debug.AspNetCompiler.Updateable = "true"
		Debug.AspNetCompiler.ForceOverwrite = "true"
		Debug.AspNetCompiler.FixedNames = "false"
		Debug.AspNetCompiler.Debug = "True"
		Release.AspNetCompiler.VirtualPath = "/CSharpWeb"
		Release.AspNetCompiler.PhysicalPath = "D:\CSharpWeb2.0\"
		Release.AspNetCompiler.TargetPath = "PrecompiledWeb\CSharpWeb\"
		Release.AspNetCompiler.Updateable = "true"
		Release.AspNetCompiler.ForceOverwrite = "true"
		Release.AspNetCompiler.FixedNames = "false"
		Release.AspNetCompiler.Debug = "False"
		SlnRelativePath = "D:\CSharpWeb2.0\"
		DefaultWebSiteLanguage = "Visual C#"
	EndProjectSection
EndProject
Global
	GlobalSection(SolutionConfigurationPlatforms) = preSolution
		Debug|.NET = Debug|.NET
	EndGlobalSection
	GlobalSection(ProjectConfigurationPlatforms) = postSolution
		{84BFB42F-5559-4EDB-916F-26D72E817BF4}.Debug|.NET.ActiveCfg = Debug|.NET
		{84BFB42F-5559-4EDB-916F-26D72E817BF4}.Debug|.NET.Build.0 = Debug|.NET
	EndGlobalSection
	GlobalSection(SolutionProperties) = preSolution
		HideSolutionNode = FALSE
	EndGlobalSection
EndGlobal
