
Microsoft Visual Studio Solution File, Format Version 10.00
# Visual Studio 2008
Project("{E24C65DC-7377-472B-9ABA-BC803B73C61A}") = "web", "..\web", "{84739199-7DB8-4FE6-B215-99D00CE2C223}"
	ProjectSection(WebsiteProperties) = preProject
		SccProjectName = "Svn"
		SccAuxPath = "Svn"
		SccLocalPath = "Svn"
		SccProvider = "SubversionScc"
		TargetFramework = "3.5"
		ProjectReferences = "{BD4D9CFE-3A5A-4D11-A601-A7F161FC266A}|FT.Commons.dll;{28F66C9B-578D-409B-9314-02E213917C04}|FT.DAL.dll;"
		Debug.AspNetCompiler.VirtualPath = "/ProductManage"
		Debug.AspNetCompiler.PhysicalPath = "..\Diamond\"
		Debug.AspNetCompiler.TargetPath = "PrecompiledWeb\ProductManage\"
		Debug.AspNetCompiler.Updateable = "true"
		Debug.AspNetCompiler.ForceOverwrite = "true"
		Debug.AspNetCompiler.FixedNames = "false"
		Debug.AspNetCompiler.Debug = "True"
		Release.AspNetCompiler.VirtualPath = "/ProductManage"
		Release.AspNetCompiler.PhysicalPath = "..\Diamond\"
		Release.AspNetCompiler.TargetPath = "PrecompiledWeb\ProductManage\"
		Release.AspNetCompiler.Updateable = "true"
		Release.AspNetCompiler.ForceOverwrite = "true"
		Release.AspNetCompiler.FixedNames = "false"
		Release.AspNetCompiler.Debug = "False"
		VWDPort = "57800"
	EndProjectSection
EndProject
Project("{FAE04EC0-301F-11D3-BF4B-00C04F79EFBC}") = "FT.DAL", "..\..\..\FT.DAL\FT.DAL.csproj", "{28F66C9B-578D-409B-9314-02E213917C04}"
EndProject
Project("{FAE04EC0-301F-11D3-BF4B-00C04F79EFBC}") = "FT.Commons", "..\..\..\FT.Commons\FT.Commons.csproj", "{BD4D9CFE-3A5A-4D11-A601-A7F161FC266A}"
EndProject
Global
	GlobalSection(SolutionConfigurationPlatforms) = preSolution
		Debug|.NET = Debug|.NET
		Debug|Any CPU = Debug|Any CPU
		Debug|Mixed Platforms = Debug|Mixed Platforms
		Release|.NET = Release|.NET
		Release|Any CPU = Release|Any CPU
		Release|Mixed Platforms = Release|Mixed Platforms
	EndGlobalSection
	GlobalSection(ProjectConfigurationPlatforms) = postSolution
		{84739199-7DB8-4FE6-B215-99D00CE2C223}.Debug|.NET.ActiveCfg = Debug|.NET
		{84739199-7DB8-4FE6-B215-99D00CE2C223}.Debug|.NET.Build.0 = Debug|.NET
		{84739199-7DB8-4FE6-B215-99D00CE2C223}.Debug|Any CPU.ActiveCfg = Debug|.NET
		{84739199-7DB8-4FE6-B215-99D00CE2C223}.Debug|Mixed Platforms.ActiveCfg = Debug|.NET
		{84739199-7DB8-4FE6-B215-99D00CE2C223}.Debug|Mixed Platforms.Build.0 = Debug|.NET
		{84739199-7DB8-4FE6-B215-99D00CE2C223}.Release|.NET.ActiveCfg = Debug|.NET
		{84739199-7DB8-4FE6-B215-99D00CE2C223}.Release|.NET.Build.0 = Debug|.NET
		{84739199-7DB8-4FE6-B215-99D00CE2C223}.Release|Any CPU.ActiveCfg = Debug|.NET
		{84739199-7DB8-4FE6-B215-99D00CE2C223}.Release|Mixed Platforms.ActiveCfg = Debug|.NET
		{84739199-7DB8-4FE6-B215-99D00CE2C223}.Release|Mixed Platforms.Build.0 = Debug|.NET
		{28F66C9B-578D-409B-9314-02E213917C04}.Debug|.NET.ActiveCfg = Debug|Any CPU
		{28F66C9B-578D-409B-9314-02E213917C04}.Debug|Any CPU.ActiveCfg = Debug|Any CPU
		{28F66C9B-578D-409B-9314-02E213917C04}.Debug|Any CPU.Build.0 = Debug|Any CPU
		{28F66C9B-578D-409B-9314-02E213917C04}.Debug|Mixed Platforms.ActiveCfg = Debug|Any CPU
		{28F66C9B-578D-409B-9314-02E213917C04}.Debug|Mixed Platforms.Build.0 = Debug|Any CPU
		{28F66C9B-578D-409B-9314-02E213917C04}.Release|.NET.ActiveCfg = Release|Any CPU
		{28F66C9B-578D-409B-9314-02E213917C04}.Release|Any CPU.ActiveCfg = Release|Any CPU
		{28F66C9B-578D-409B-9314-02E213917C04}.Release|Any CPU.Build.0 = Release|Any CPU
		{28F66C9B-578D-409B-9314-02E213917C04}.Release|Mixed Platforms.ActiveCfg = Release|Any CPU
		{28F66C9B-578D-409B-9314-02E213917C04}.Release|Mixed Platforms.Build.0 = Release|Any CPU
		{BD4D9CFE-3A5A-4D11-A601-A7F161FC266A}.Debug|.NET.ActiveCfg = Debug|Any CPU
		{BD4D9CFE-3A5A-4D11-A601-A7F161FC266A}.Debug|Any CPU.ActiveCfg = Debug|Any CPU
		{BD4D9CFE-3A5A-4D11-A601-A7F161FC266A}.Debug|Any CPU.Build.0 = Debug|Any CPU
		{BD4D9CFE-3A5A-4D11-A601-A7F161FC266A}.Debug|Mixed Platforms.ActiveCfg = Debug|Any CPU
		{BD4D9CFE-3A5A-4D11-A601-A7F161FC266A}.Debug|Mixed Platforms.Build.0 = Debug|Any CPU
		{BD4D9CFE-3A5A-4D11-A601-A7F161FC266A}.Release|.NET.ActiveCfg = Release|Any CPU
		{BD4D9CFE-3A5A-4D11-A601-A7F161FC266A}.Release|Any CPU.ActiveCfg = Release|Any CPU
		{BD4D9CFE-3A5A-4D11-A601-A7F161FC266A}.Release|Any CPU.Build.0 = Release|Any CPU
		{BD4D9CFE-3A5A-4D11-A601-A7F161FC266A}.Release|Mixed Platforms.ActiveCfg = Release|Any CPU
		{BD4D9CFE-3A5A-4D11-A601-A7F161FC266A}.Release|Mixed Platforms.Build.0 = Release|Any CPU
	EndGlobalSection
	GlobalSection(SolutionProperties) = preSolution
		HideSolutionNode = FALSE
	EndGlobalSection
	GlobalSection(SubversionScc) = preSolution
		Svn-Managed = True
		Manager = AnkhSVN - Subversion Support for Visual Studio
	EndGlobalSection
EndGlobal
